// !$*UTF8*$!
{
	archiveVersion = 1;
	classes = {
	};
	objectVersion = 56;
	objects = {

/* Begin PBXBuildFile section */
		150C8AEB2A8B10E4000A7138 /* Coordinator.swift in Sources */ = {isa = PBXBuildFile; fileRef = 150C8AEA2A8B10E4000A7138 /* Coordinator.swift */; };
		150C8AEF2A8B227D000A7138 /* CoordinatorView.swift in Sources */ = {isa = PBXBuildFile; fileRef = 150C8AEE2A8B227D000A7138 /* CoordinatorView.swift */; };
		1520F43E2A8CB7710074229C /* HomeNavigationRouterTests.swift in Sources */ = {isa = PBXBuildFile; fileRef = 1520F43D2A8CB7710074229C /* HomeNavigationRouterTests.swift */; };
		152183222A89382E007D42D9 /* MockHomeService.swift in Sources */ = {isa = PBXBuildFile; fileRef = 152183212A89382E007D42D9 /* MockHomeService.swift */; };
		1523C87C2A7F594600E500D0 /* HomeAPI.swift in Sources */ = {isa = PBXBuildFile; fileRef = 1523C87B2A7F594600E500D0 /* HomeAPI.swift */; };
		1523C87E2A7F599C00E500D0 /* HomeService.swift in Sources */ = {isa = PBXBuildFile; fileRef = 1523C87D2A7F599C00E500D0 /* HomeService.swift */; };
		1523C8812A7F5C9700E500D0 /* MoviesResponse.swift in Sources */ = {isa = PBXBuildFile; fileRef = 1523C8802A7F5C9700E500D0 /* MoviesResponse.swift */; };
		1523C8882A80517E00E500D0 /* APIKeys.swift in Sources */ = {isa = PBXBuildFile; fileRef = 1523C8872A80517E00E500D0 /* APIKeys.swift */; };
		1523C88A2A80565D00E500D0 /* Dev.xcconfig in Resources */ = {isa = PBXBuildFile; fileRef = 1523C8852A804E2C00E500D0 /* Dev.xcconfig */; };
		1523C88B2A80566000E500D0 /* Prod.xcconfig in Resources */ = {isa = PBXBuildFile; fileRef = 1523C8862A804E3800E500D0 /* Prod.xcconfig */; };
		1523C88D2A805A0900E500D0 /* MovieDetailsView.swift in Sources */ = {isa = PBXBuildFile; fileRef = 1523C88C2A805A0900E500D0 /* MovieDetailsView.swift */; };
		1523C88F2A805A2000E500D0 /* MovieDetailsViewModel.swift in Sources */ = {isa = PBXBuildFile; fileRef = 1523C88E2A805A2000E500D0 /* MovieDetailsViewModel.swift */; };
		1549C1952A23C4800043EAEA /* Assets.xcassets in Resources */ = {isa = PBXBuildFile; fileRef = 1549C1942A23C4800043EAEA /* Assets.xcassets */; };
		1549C1AD2A23C4800043EAEA /* GitHubAppUITests.swift in Sources */ = {isa = PBXBuildFile; fileRef = 1549C1AC2A23C4800043EAEA /* GitHubAppUITests.swift */; };
		1549C1AF2A23C4800043EAEA /* GitHubAppUITestsLaunchTests.swift in Sources */ = {isa = PBXBuildFile; fileRef = 1549C1AE2A23C4800043EAEA /* GitHubAppUITestsLaunchTests.swift */; };
		158522B62A8DA3B700D881D2 /* SnapshotTesting in Frameworks */ = {isa = PBXBuildFile; productRef = 158522B52A8DA3B700D881D2 /* SnapshotTesting */; };
		1587EE0A2A882443005BCE4C /* MovieDetailsHostingController.swift in Sources */ = {isa = PBXBuildFile; fileRef = 1587EE092A882443005BCE4C /* MovieDetailsHostingController.swift */; };
		158C72E92CEA43B700F07D27 /* EntropyCore in Frameworks */ = {isa = PBXBuildFile; productRef = 158C72E82CEA43B700F07D27 /* EntropyCore */; };
		159BD8642A24D58700B6EEC1 /* GitHubAppDelegate.swift in Sources */ = {isa = PBXBuildFile; fileRef = 159BD8632A24D58700B6EEC1 /* GitHubAppDelegate.swift */; };
		159BD8662A24D5DB00B6EEC1 /* GitHubAppSceneDelegate.swift in Sources */ = {isa = PBXBuildFile; fileRef = 159BD8652A24D5DB00B6EEC1 /* GitHubAppSceneDelegate.swift */; };
		159BD8692A24D64D00B6EEC1 /* HomeHostingController.swift in Sources */ = {isa = PBXBuildFile; fileRef = 159BD8682A24D64D00B6EEC1 /* HomeHostingController.swift */; };
		159BD86F2A24DA3F00B6EEC1 /* HomeNavigationRouter.swift in Sources */ = {isa = PBXBuildFile; fileRef = 159BD86E2A24DA3F00B6EEC1 /* HomeNavigationRouter.swift */; };
		159BD8712A24DA8A00B6EEC1 /* HomeNavigationEvent.swift in Sources */ = {isa = PBXBuildFile; fileRef = 159BD8702A24DA8A00B6EEC1 /* HomeNavigationEvent.swift */; };
		159BD8742A24DB2500B6EEC1 /* HomeView.swift in Sources */ = {isa = PBXBuildFile; fileRef = 159BD8732A24DB2500B6EEC1 /* HomeView.swift */; };
		159BD8772A24E10300B6EEC1 /* Preview Assets.xcassets in Resources */ = {isa = PBXBuildFile; fileRef = 159BD8762A24E10200B6EEC1 /* Preview Assets.xcassets */; };
		159BD87C2A25120000B6EEC1 /* HomeViewState.swift in Sources */ = {isa = PBXBuildFile; fileRef = 159BD87B2A25120000B6EEC1 /* HomeViewState.swift */; };
		159BD87F2A25123B00B6EEC1 /* HomeDataViewState.swift in Sources */ = {isa = PBXBuildFile; fileRef = 159BD87E2A25123B00B6EEC1 /* HomeDataViewState.swift */; };
		159BD8812A25129600B6EEC1 /* HomeViewEvent.swift in Sources */ = {isa = PBXBuildFile; fileRef = 159BD8802A25129600B6EEC1 /* HomeViewEvent.swift */; };
		159BD8832A2513E400B6EEC1 /* HomeViewModel.swift in Sources */ = {isa = PBXBuildFile; fileRef = 159BD8822A2513E400B6EEC1 /* HomeViewModel.swift */; };
		15ABA5B82A8DCB1900E243FF /* HomeViewTests.swift in Sources */ = {isa = PBXBuildFile; fileRef = 15ABA5B72A8DCB1900E243FF /* HomeViewTests.swift */; };
		15B8B0D02E0F469F0031C474 /* LikedMoviesView.swift in Sources */ = {isa = PBXBuildFile; fileRef = 15B8B0CF2E0F469F0031C474 /* LikedMoviesView.swift */; };
		15BC03F82E0F9A0B0030F829 /* LikedMoviesViewModel.swift in Sources */ = {isa = PBXBuildFile; fileRef = 15BC03F72E0F9A0B0030F829 /* LikedMoviesViewModel.swift */; };
		15D668DD2A958B910000E906 /* MovieDetailsViewTests.swift in Sources */ = {isa = PBXBuildFile; fileRef = 15D668DC2A958B910000E906 /* MovieDetailsViewTests.swift */; };
		15E445092E1E4F4B0027439E /* Equatable in Frameworks */ = {isa = PBXBuildFile; productRef = 15E445082E1E4F4B0027439E /* Equatable */; };
/* End PBXBuildFile section */

/* Begin PBXContainerItemProxy section */
		1549C19F2A23C4800043EAEA /* PBXContainerItemProxy */ = {
			isa = PBXContainerItemProxy;
			containerPortal = 1549C1852A23C47F0043EAEA /* Project object */;
			proxyType = 1;
			remoteGlobalIDString = 1549C18C2A23C47F0043EAEA;
			remoteInfo = GitHubApp;
		};
		1549C1A92A23C4800043EAEA /* PBXContainerItemProxy */ = {
			isa = PBXContainerItemProxy;
			containerPortal = 1549C1852A23C47F0043EAEA /* Project object */;
			proxyType = 1;
			remoteGlobalIDString = 1549C18C2A23C47F0043EAEA;
			remoteInfo = GitHubApp;
		};
/* End PBXContainerItemProxy section */

/* Begin PBXFileReference section */
		150C8AEA2A8B10E4000A7138 /* Coordinator.swift */ = {isa = PBXFileReference; lastKnownFileType = sourcecode.swift; path = Coordinator.swift; sourceTree = "<group>"; };
		150C8AEE2A8B227D000A7138 /* CoordinatorView.swift */ = {isa = PBXFileReference; lastKnownFileType = sourcecode.swift; path = CoordinatorView.swift; sourceTree = "<group>"; };
		1520F43D2A8CB7710074229C /* HomeNavigationRouterTests.swift */ = {isa = PBXFileReference; lastKnownFileType = sourcecode.swift; path = HomeNavigationRouterTests.swift; sourceTree = "<group>"; };
		152183212A89382E007D42D9 /* MockHomeService.swift */ = {isa = PBXFileReference; lastKnownFileType = sourcecode.swift; path = MockHomeService.swift; sourceTree = "<group>"; };
		1523C87B2A7F594600E500D0 /* HomeAPI.swift */ = {isa = PBXFileReference; lastKnownFileType = sourcecode.swift; path = HomeAPI.swift; sourceTree = "<group>"; };
		1523C87D2A7F599C00E500D0 /* HomeService.swift */ = {isa = PBXFileReference; lastKnownFileType = sourcecode.swift; path = HomeService.swift; sourceTree = "<group>"; };
		1523C8802A7F5C9700E500D0 /* MoviesResponse.swift */ = {isa = PBXFileReference; lastKnownFileType = sourcecode.swift; path = MoviesResponse.swift; sourceTree = "<group>"; };
		1523C8852A804E2C00E500D0 /* Dev.xcconfig */ = {isa = PBXFileReference; lastKnownFileType = text.xcconfig; path = Dev.xcconfig; sourceTree = "<group>"; };
		1523C8862A804E3800E500D0 /* Prod.xcconfig */ = {isa = PBXFileReference; lastKnownFileType = text.xcconfig; path = Prod.xcconfig; sourceTree = "<group>"; };
		1523C8872A80517E00E500D0 /* APIKeys.swift */ = {isa = PBXFileReference; lastKnownFileType = sourcecode.swift; path = APIKeys.swift; sourceTree = "<group>"; };
		1523C88C2A805A0900E500D0 /* MovieDetailsView.swift */ = {isa = PBXFileReference; lastKnownFileType = sourcecode.swift; path = MovieDetailsView.swift; sourceTree = "<group>"; };
		1523C88E2A805A2000E500D0 /* MovieDetailsViewModel.swift */ = {isa = PBXFileReference; lastKnownFileType = sourcecode.swift; path = MovieDetailsViewModel.swift; sourceTree = "<group>"; };
		1549C18D2A23C47F0043EAEA /* GitHubApp.app */ = {isa = PBXFileReference; explicitFileType = wrapper.application; includeInIndex = 0; path = GitHubApp.app; sourceTree = BUILT_PRODUCTS_DIR; };
		1549C1942A23C4800043EAEA /* Assets.xcassets */ = {isa = PBXFileReference; lastKnownFileType = folder.assetcatalog; path = Assets.xcassets; sourceTree = "<group>"; };
		1549C1962A23C4800043EAEA /* GitHubApp.entitlements */ = {isa = PBXFileReference; lastKnownFileType = text.plist.entitlements; path = GitHubApp.entitlements; sourceTree = "<group>"; };
		1549C19E2A23C4800043EAEA /* GitHubAppTests.xctest */ = {isa = PBXFileReference; explicitFileType = wrapper.cfbundle; includeInIndex = 0; path = GitHubAppTests.xctest; sourceTree = BUILT_PRODUCTS_DIR; };
		1549C1A82A23C4800043EAEA /* GitHubAppUITests.xctest */ = {isa = PBXFileReference; explicitFileType = wrapper.cfbundle; includeInIndex = 0; path = GitHubAppUITests.xctest; sourceTree = BUILT_PRODUCTS_DIR; };
		1549C1AC2A23C4800043EAEA /* GitHubAppUITests.swift */ = {isa = PBXFileReference; lastKnownFileType = sourcecode.swift; path = GitHubAppUITests.swift; sourceTree = "<group>"; };
		1549C1AE2A23C4800043EAEA /* GitHubAppUITestsLaunchTests.swift */ = {isa = PBXFileReference; lastKnownFileType = sourcecode.swift; path = GitHubAppUITestsLaunchTests.swift; sourceTree = "<group>"; };
		1587EE092A882443005BCE4C /* MovieDetailsHostingController.swift */ = {isa = PBXFileReference; lastKnownFileType = sourcecode.swift; path = MovieDetailsHostingController.swift; sourceTree = "<group>"; };
		159BD8622A24D55C00B6EEC1 /* Info.plist */ = {isa = PBXFileReference; lastKnownFileType = text.plist; path = Info.plist; sourceTree = "<group>"; };
		159BD8632A24D58700B6EEC1 /* GitHubAppDelegate.swift */ = {isa = PBXFileReference; lastKnownFileType = sourcecode.swift; path = GitHubAppDelegate.swift; sourceTree = "<group>"; };
		159BD8652A24D5DB00B6EEC1 /* GitHubAppSceneDelegate.swift */ = {isa = PBXFileReference; lastKnownFileType = sourcecode.swift; path = GitHubAppSceneDelegate.swift; sourceTree = "<group>"; };
		159BD8682A24D64D00B6EEC1 /* HomeHostingController.swift */ = {isa = PBXFileReference; lastKnownFileType = sourcecode.swift; path = HomeHostingController.swift; sourceTree = "<group>"; };
		159BD86E2A24DA3F00B6EEC1 /* HomeNavigationRouter.swift */ = {isa = PBXFileReference; lastKnownFileType = sourcecode.swift; path = HomeNavigationRouter.swift; sourceTree = "<group>"; };
		159BD8702A24DA8A00B6EEC1 /* HomeNavigationEvent.swift */ = {isa = PBXFileReference; lastKnownFileType = sourcecode.swift; path = HomeNavigationEvent.swift; sourceTree = "<group>"; };
		159BD8732A24DB2500B6EEC1 /* HomeView.swift */ = {isa = PBXFileReference; lastKnownFileType = sourcecode.swift; path = HomeView.swift; sourceTree = "<group>"; };
		159BD8762A24E10200B6EEC1 /* Preview Assets.xcassets */ = {isa = PBXFileReference; lastKnownFileType = folder.assetcatalog; path = "Preview Assets.xcassets"; sourceTree = "<group>"; };
		159BD87B2A25120000B6EEC1 /* HomeViewState.swift */ = {isa = PBXFileReference; lastKnownFileType = sourcecode.swift; path = HomeViewState.swift; sourceTree = "<group>"; };
		159BD87E2A25123B00B6EEC1 /* HomeDataViewState.swift */ = {isa = PBXFileReference; lastKnownFileType = sourcecode.swift; path = HomeDataViewState.swift; sourceTree = "<group>"; };
		159BD8802A25129600B6EEC1 /* HomeViewEvent.swift */ = {isa = PBXFileReference; lastKnownFileType = sourcecode.swift; path = HomeViewEvent.swift; sourceTree = "<group>"; };
		159BD8822A2513E400B6EEC1 /* HomeViewModel.swift */ = {isa = PBXFileReference; lastKnownFileType = sourcecode.swift; path = HomeViewModel.swift; sourceTree = "<group>"; };
		15ABA5B72A8DCB1900E243FF /* HomeViewTests.swift */ = {isa = PBXFileReference; lastKnownFileType = sourcecode.swift; path = HomeViewTests.swift; sourceTree = "<group>"; };
		15B8B0CF2E0F469F0031C474 /* LikedMoviesView.swift */ = {isa = PBXFileReference; lastKnownFileType = sourcecode.swift; path = LikedMoviesView.swift; sourceTree = "<group>"; };
		15BC03F72E0F9A0B0030F829 /* LikedMoviesViewModel.swift */ = {isa = PBXFileReference; lastKnownFileType = sourcecode.swift; path = LikedMoviesViewModel.swift; sourceTree = "<group>"; };
		15D668DC2A958B910000E906 /* MovieDetailsViewTests.swift */ = {isa = PBXFileReference; lastKnownFileType = sourcecode.swift; path = MovieDetailsViewTests.swift; sourceTree = "<group>"; };
/* End PBXFileReference section */

/* Begin PBXFrameworksBuildPhase section */
		1549C18A2A23C47F0043EAEA /* Frameworks */ = {
			isa = PBXFrameworksBuildPhase;
			buildActionMask = 2147483647;
			files = (
				158C72E92CEA43B700F07D27 /* EntropyCore in Frameworks */,
				15E445092E1E4F4B0027439E /* Equatable in Frameworks */,
			);
			runOnlyForDeploymentPostprocessing = 0;
		};
		1549C19B2A23C4800043EAEA /* Frameworks */ = {
			isa = PBXFrameworksBuildPhase;
			buildActionMask = 2147483647;
			files = (
				158522B62A8DA3B700D881D2 /* SnapshotTesting in Frameworks */,
			);
			runOnlyForDeploymentPostprocessing = 0;
		};
		1549C1A52A23C4800043EAEA /* Frameworks */ = {
			isa = PBXFrameworksBuildPhase;
			buildActionMask = 2147483647;
			files = (
			);
			runOnlyForDeploymentPostprocessing = 0;
		};
/* End PBXFrameworksBuildPhase section */

/* Begin PBXGroup section */
		150C8AE92A8B10D9000A7138 /* Coordinator */ = {
			isa = PBXGroup;
			children = (
				150C8AEA2A8B10E4000A7138 /* Coordinator.swift */,
				150C8AEE2A8B227D000A7138 /* CoordinatorView.swift */,
			);
			path = Coordinator;
			sourceTree = "<group>";
		};
		1520F43B2A8CB73E0074229C /* Home */ = {
			isa = PBXGroup;
			children = (
				15ABA5B62A8DCB0900E243FF /* View */,
				1520F43C2A8CB74F0074229C /* Router */,
			);
			path = Home;
			sourceTree = "<group>";
		};
		1520F43C2A8CB74F0074229C /* Router */ = {
			isa = PBXGroup;
			children = (
				1520F43D2A8CB7710074229C /* HomeNavigationRouterTests.swift */,
			);
			path = Router;
			sourceTree = "<group>";
		};
		152183202A893823007D42D9 /* Mocks */ = {
			isa = PBXGroup;
			children = (
				152183212A89382E007D42D9 /* MockHomeService.swift */,
			);
			path = Mocks;
			sourceTree = "<group>";
		};
		1523C8782A7F593200E500D0 /* API */ = {
			isa = PBXGroup;
			children = (
				1523C87F2A7F5C0300E500D0 /* Model */,
				1523C87A2A7F593E00E500D0 /* HomeService */,
				1523C8792A7F593700E500D0 /* HomeAPI */,
			);
			path = API;
			sourceTree = "<group>";
		};
		1523C8792A7F593700E500D0 /* HomeAPI */ = {
			isa = PBXGroup;
			children = (
				1523C87B2A7F594600E500D0 /* HomeAPI.swift */,
			);
			path = HomeAPI;
			sourceTree = "<group>";
		};
		1523C87A2A7F593E00E500D0 /* HomeService */ = {
			isa = PBXGroup;
			children = (
				1523C87D2A7F599C00E500D0 /* HomeService.swift */,
			);
			path = HomeService;
			sourceTree = "<group>";
		};
		1523C87F2A7F5C0300E500D0 /* Model */ = {
			isa = PBXGroup;
			children = (
				1523C8802A7F5C9700E500D0 /* MoviesResponse.swift */,
			);
			path = Model;
			sourceTree = "<group>";
		};
		1523C8842A804E0E00E500D0 /* Configs */ = {
			isa = PBXGroup;
			children = (
				1523C8852A804E2C00E500D0 /* Dev.xcconfig */,
				1523C8862A804E3800E500D0 /* Prod.xcconfig */,
				1523C8872A80517E00E500D0 /* APIKeys.swift */,
			);
			path = Configs;
			sourceTree = "<group>";
		};
		1549C1842A23C47F0043EAEA = {
			isa = PBXGroup;
			children = (
				1549C18F2A23C47F0043EAEA /* GitHubApp */,
				1549C1A12A23C4800043EAEA /* GitHubAppTests */,
				1549C1AB2A23C4800043EAEA /* GitHubAppUITests */,
				158C72E72CEA43B700F07D27 /* Frameworks */,
				1549C18E2A23C47F0043EAEA /* Products */,
			);
			sourceTree = "<group>";
		};
		1549C18E2A23C47F0043EAEA /* Products */ = {
			isa = PBXGroup;
			children = (
				1549C18D2A23C47F0043EAEA /* GitHubApp.app */,
				1549C19E2A23C4800043EAEA /* GitHubAppTests.xctest */,
				1549C1A82A23C4800043EAEA /* GitHubAppUITests.xctest */,
			);
			name = Products;
			sourceTree = "<group>";
		};
		1549C18F2A23C47F0043EAEA /* GitHubApp */ = {
			isa = PBXGroup;
			children = (
				1523C8842A804E0E00E500D0 /* Configs */,
				159BD86C2A24D9BC00B6EEC1 /* Home */,
				159BD8622A24D55C00B6EEC1 /* Info.plist */,
				159BD8752A24DF3100B6EEC1 /* Preview Content */,
				1549C1942A23C4800043EAEA /* Assets.xcassets */,
				1549C1962A23C4800043EAEA /* GitHubApp.entitlements */,
				159BD8632A24D58700B6EEC1 /* GitHubAppDelegate.swift */,
				159BD8652A24D5DB00B6EEC1 /* GitHubAppSceneDelegate.swift */,
			);
			path = GitHubApp;
			sourceTree = "<group>";
		};
		1549C1A12A23C4800043EAEA /* GitHubAppTests */ = {
			isa = PBXGroup;
			children = (
				1520F43B2A8CB73E0074229C /* Home */,
				152183202A893823007D42D9 /* Mocks */,
			);
			path = GitHubAppTests;
			sourceTree = "<group>";
		};
		1549C1AB2A23C4800043EAEA /* GitHubAppUITests */ = {
			isa = PBXGroup;
			children = (
				1549C1AC2A23C4800043EAEA /* GitHubAppUITests.swift */,
				1549C1AE2A23C4800043EAEA /* GitHubAppUITestsLaunchTests.swift */,
			);
			path = GitHubAppUITests;
			sourceTree = "<group>";
		};
		158C72E72CEA43B700F07D27 /* Frameworks */ = {
			isa = PBXGroup;
			children = (
			);
			name = Frameworks;
			sourceTree = "<group>";
		};
		159BD8672A24D63600B6EEC1 /* HostingController */ = {
			isa = PBXGroup;
			children = (
				159BD8682A24D64D00B6EEC1 /* HomeHostingController.swift */,
				1587EE092A882443005BCE4C /* MovieDetailsHostingController.swift */,
			);
			path = HostingController;
			sourceTree = "<group>";
		};
		159BD86C2A24D9BC00B6EEC1 /* Home */ = {
			isa = PBXGroup;
			children = (
				1523C8782A7F593200E500D0 /* API */,
				159BD8862A2518EA00B6EEC1 /* Interactors */,
				159BD87A2A2511B600B6EEC1 /* ViewEvents */,
				159BD8792A2511B000B6EEC1 /* ViewStates */,
				159BD8782A25111700B6EEC1 /* ViewModel */,
				159BD8722A24DB1B00B6EEC1 /* View */,
				159BD86D2A24DA3300B6EEC1 /* Router */,
				159BD8672A24D63600B6EEC1 /* HostingController */,
				150C8AE92A8B10D9000A7138 /* Coordinator */,
			);
			path = Home;
			sourceTree = "<group>";
		};
		159BD86D2A24DA3300B6EEC1 /* Router */ = {
			isa = PBXGroup;
			children = (
				159BD86E2A24DA3F00B6EEC1 /* HomeNavigationRouter.swift */,
				159BD8702A24DA8A00B6EEC1 /* HomeNavigationEvent.swift */,
			);
			path = Router;
			sourceTree = "<group>";
		};
		159BD8722A24DB1B00B6EEC1 /* View */ = {
			isa = PBXGroup;
			children = (
				15B8B0CF2E0F469F0031C474 /* LikedMoviesView.swift */,
				159BD8732A24DB2500B6EEC1 /* HomeView.swift */,
				1523C88C2A805A0900E500D0 /* MovieDetailsView.swift */,
			);
			path = View;
			sourceTree = "<group>";
		};
		159BD8752A24DF3100B6EEC1 /* Preview Content */ = {
			isa = PBXGroup;
			children = (
				159BD8762A24E10200B6EEC1 /* Preview Assets.xcassets */,
			);
			path = "Preview Content";
			sourceTree = "<group>";
		};
		159BD8782A25111700B6EEC1 /* ViewModel */ = {
			isa = PBXGroup;
			children = (
				15BC03F72E0F9A0B0030F829 /* LikedMoviesViewModel.swift */,
				159BD8822A2513E400B6EEC1 /* HomeViewModel.swift */,
				1523C88E2A805A2000E500D0 /* MovieDetailsViewModel.swift */,
			);
			path = ViewModel;
			sourceTree = "<group>";
		};
		159BD8792A2511B000B6EEC1 /* ViewStates */ = {
			isa = PBXGroup;
			children = (
				159BD87E2A25123B00B6EEC1 /* HomeDataViewState.swift */,
				159BD87B2A25120000B6EEC1 /* HomeViewState.swift */,
			);
			path = ViewStates;
			sourceTree = "<group>";
		};
		159BD87A2A2511B600B6EEC1 /* ViewEvents */ = {
			isa = PBXGroup;
			children = (
				159BD8802A25129600B6EEC1 /* HomeViewEvent.swift */,
			);
			path = ViewEvents;
			sourceTree = "<group>";
		};
		159BD8862A2518EA00B6EEC1 /* Interactors */ = {
			isa = PBXGroup;
			children = (
			);
			path = Interactors;
			sourceTree = "<group>";
		};
		15ABA5B62A8DCB0900E243FF /* View */ = {
			isa = PBXGroup;
			children = (
				15ABA5B72A8DCB1900E243FF /* HomeViewTests.swift */,
				15D668DC2A958B910000E906 /* MovieDetailsViewTests.swift */,
			);
			path = View;
			sourceTree = "<group>";
		};
/* End PBXGroup section */

/* Begin PBXNativeTarget section */
		1549C18C2A23C47F0043EAEA /* GitHubApp */ = {
			isa = PBXNativeTarget;
			buildConfigurationList = 1549C1B22A23C4800043EAEA /* Build configuration list for PBXNativeTarget "GitHubApp" */;
			buildPhases = (
				1541539B2A96E56C007113B7 /* SwiftLint */,
				1549C1892A23C47F0043EAEA /* Sources */,
				1549C18A2A23C47F0043EAEA /* Frameworks */,
				1549C18B2A23C47F0043EAEA /* Resources */,
			);
			buildRules = (
			);
			dependencies = (
			);
			name = GitHubApp;
			packageProductDependencies = (
				158C72E82CEA43B700F07D27 /* EntropyCore */,
				15E445082E1E4F4B0027439E /* Equatable */,
			);
			productName = GitHubApp;
			productReference = 1549C18D2A23C47F0043EAEA /* GitHubApp.app */;
			productType = "com.apple.product-type.application";
		};
		1549C19D2A23C4800043EAEA /* GitHubAppTests */ = {
			isa = PBXNativeTarget;
			buildConfigurationList = 1549C1B52A23C4800043EAEA /* Build configuration list for PBXNativeTarget "GitHubAppTests" */;
			buildPhases = (
				1549C19A2A23C4800043EAEA /* Sources */,
				1549C19B2A23C4800043EAEA /* Frameworks */,
				1549C19C2A23C4800043EAEA /* Resources */,
			);
			buildRules = (
			);
			dependencies = (
				1549C1A02A23C4800043EAEA /* PBXTargetDependency */,
			);
			name = GitHubAppTests;
			packageProductDependencies = (
				158522B52A8DA3B700D881D2 /* SnapshotTesting */,
			);
			productName = GitHubAppTests;
			productReference = 1549C19E2A23C4800043EAEA /* GitHubAppTests.xctest */;
			productType = "com.apple.product-type.bundle.unit-test";
		};
		1549C1A72A23C4800043EAEA /* GitHubAppUITests */ = {
			isa = PBXNativeTarget;
			buildConfigurationList = 1549C1B82A23C4800043EAEA /* Build configuration list for PBXNativeTarget "GitHubAppUITests" */;
			buildPhases = (
				1549C1A42A23C4800043EAEA /* Sources */,
				1549C1A52A23C4800043EAEA /* Frameworks */,
				1549C1A62A23C4800043EAEA /* Resources */,
			);
			buildRules = (
			);
			dependencies = (
				1549C1AA2A23C4800043EAEA /* PBXTargetDependency */,
			);
			name = GitHubAppUITests;
			productName = GitHubAppUITests;
			productReference = 1549C1A82A23C4800043EAEA /* GitHubAppUITests.xctest */;
			productType = "com.apple.product-type.bundle.ui-testing";
		};
/* End PBXNativeTarget section */

/* Begin PBXProject section */
		1549C1852A23C47F0043EAEA /* Project object */ = {
			isa = PBXProject;
			attributes = {
				BuildIndependentTargetsInParallel = 1;
				LastSwiftUpdateCheck = 1430;
				LastUpgradeCheck = 2600;
				TargetAttributes = {
					1549C18C2A23C47F0043EAEA = {
						CreatedOnToolsVersion = 14.3;
					};
					1549C19D2A23C4800043EAEA = {
						CreatedOnToolsVersion = 14.3;
						TestTargetID = 1549C18C2A23C47F0043EAEA;
					};
					1549C1A72A23C4800043EAEA = {
						CreatedOnToolsVersion = 14.3;
						TestTargetID = 1549C18C2A23C47F0043EAEA;
					};
				};
			};
			buildConfigurationList = 1549C1882A23C47F0043EAEA /* Build configuration list for PBXProject "GitHubApp" */;
			compatibilityVersion = "Xcode 14.0";
			developmentRegion = en;
			hasScannedForEncodings = 0;
			knownRegions = (
				en,
				Base,
			);
			mainGroup = 1549C1842A23C47F0043EAEA;
			packageReferences = (
				158522B42A8DA3B700D881D2 /* XCRemoteSwiftPackageReference "swift-snapshot-testing" */,
				158C72E62CEA437A00F07D27 /* XCRemoteSwiftPackageReference "EntropyCore" */,
				15E445072E1E4F4B0027439E /* XCRemoteSwiftPackageReference "equatable" */,
			);
			productRefGroup = 1549C18E2A23C47F0043EAEA /* Products */;
			projectDirPath = "";
			projectRoot = "";
			targets = (
				1549C18C2A23C47F0043EAEA /* GitHubApp */,
				1549C19D2A23C4800043EAEA /* GitHubAppTests */,
				1549C1A72A23C4800043EAEA /* GitHubAppUITests */,
			);
		};
/* End PBXProject section */

/* Begin PBXResourcesBuildPhase section */
		1549C18B2A23C47F0043EAEA /* Resources */ = {
			isa = PBXResourcesBuildPhase;
			buildActionMask = 2147483647;
			files = (
				159BD8772A24E10300B6EEC1 /* Preview Assets.xcassets in Resources */,
				1523C88B2A80566000E500D0 /* Prod.xcconfig in Resources */,
				1549C1952A23C4800043EAEA /* Assets.xcassets in Resources */,
				1523C88A2A80565D00E500D0 /* Dev.xcconfig in Resources */,
			);
			runOnlyForDeploymentPostprocessing = 0;
		};
		1549C19C2A23C4800043EAEA /* Resources */ = {
			isa = PBXResourcesBuildPhase;
			buildActionMask = 2147483647;
			files = (
			);
			runOnlyForDeploymentPostprocessing = 0;
		};
		1549C1A62A23C4800043EAEA /* Resources */ = {
			isa = PBXResourcesBuildPhase;
			buildActionMask = 2147483647;
			files = (
			);
			runOnlyForDeploymentPostprocessing = 0;
		};
/* End PBXResourcesBuildPhase section */

/* Begin PBXShellScriptBuildPhase section */
		1541539B2A96E56C007113B7 /* SwiftLint */ = {
			isa = PBXShellScriptBuildPhase;
			alwaysOutOfDate = 1;
			buildActionMask = 2147483647;
			files = (
			);
			inputFileListPaths = (
			);
			inputPaths = (
			);
			name = SwiftLint;
			outputFileListPaths = (
			);
			outputPaths = (
			);
			runOnlyForDeploymentPostprocessing = 0;
			shellPath = /bin/sh;
			shellScript = "if [[ \"$(uname -m)\" == arm64 ]]; then\n    export PATH=\"/opt/homebrew/bin:$PATH\"\nfi\n\nif which swiftlint > /dev/null; then\n  swiftlint\nelse\n  echo \"warning: SwiftLint not installed, download from https://github.com/realm/SwiftLint\"\nfi\n";
		};
/* End PBXShellScriptBuildPhase section */

/* Begin PBXSourcesBuildPhase section */
		1549C1892A23C47F0043EAEA /* Sources */ = {
			isa = PBXSourcesBuildPhase;
			buildActionMask = 2147483647;
			files = (
				159BD8642A24D58700B6EEC1 /* GitHubAppDelegate.swift in Sources */,
				159BD8832A2513E400B6EEC1 /* HomeViewModel.swift in Sources */,
				159BD8692A24D64D00B6EEC1 /* HomeHostingController.swift in Sources */,
				159BD87F2A25123B00B6EEC1 /* HomeDataViewState.swift in Sources */,
				15B8B0D02E0F469F0031C474 /* LikedMoviesView.swift in Sources */,
				1523C8882A80517E00E500D0 /* APIKeys.swift in Sources */,
				150C8AEB2A8B10E4000A7138 /* Coordinator.swift in Sources */,
				152183222A89382E007D42D9 /* MockHomeService.swift in Sources */,
				159BD86F2A24DA3F00B6EEC1 /* HomeNavigationRouter.swift in Sources */,
				15BC03F82E0F9A0B0030F829 /* LikedMoviesViewModel.swift in Sources */,
				159BD8742A24DB2500B6EEC1 /* HomeView.swift in Sources */,
				1523C87E2A7F599C00E500D0 /* HomeService.swift in Sources */,
				150C8AEF2A8B227D000A7138 /* CoordinatorView.swift in Sources */,
				1523C8812A7F5C9700E500D0 /* MoviesResponse.swift in Sources */,
				159BD8662A24D5DB00B6EEC1 /* GitHubAppSceneDelegate.swift in Sources */,
				1523C87C2A7F594600E500D0 /* HomeAPI.swift in Sources */,
				1523C88D2A805A0900E500D0 /* MovieDetailsView.swift in Sources */,
				1523C88F2A805A2000E500D0 /* MovieDetailsViewModel.swift in Sources */,
				159BD8712A24DA8A00B6EEC1 /* HomeNavigationEvent.swift in Sources */,
				159BD8812A25129600B6EEC1 /* HomeViewEvent.swift in Sources */,
				1587EE0A2A882443005BCE4C /* MovieDetailsHostingController.swift in Sources */,
				159BD87C2A25120000B6EEC1 /* HomeViewState.swift in Sources */,
			);
			runOnlyForDeploymentPostprocessing = 0;
		};
		1549C19A2A23C4800043EAEA /* Sources */ = {
			isa = PBXSourcesBuildPhase;
			buildActionMask = 2147483647;
			files = (
				1520F43E2A8CB7710074229C /* HomeNavigationRouterTests.swift in Sources */,
				15ABA5B82A8DCB1900E243FF /* HomeViewTests.swift in Sources */,
				15D668DD2A958B910000E906 /* MovieDetailsViewTests.swift in Sources */,
			);
			runOnlyForDeploymentPostprocessing = 0;
		};
		1549C1A42A23C4800043EAEA /* Sources */ = {
			isa = PBXSourcesBuildPhase;
			buildActionMask = 2147483647;
			files = (
				1549C1AD2A23C4800043EAEA /* GitHubAppUITests.swift in Sources */,
				1549C1AF2A23C4800043EAEA /* GitHubAppUITestsLaunchTests.swift in Sources */,
			);
			runOnlyForDeploymentPostprocessing = 0;
		};
/* End PBXSourcesBuildPhase section */

/* Begin PBXTargetDependency section */
		1549C1A02A23C4800043EAEA /* PBXTargetDependency */ = {
			isa = PBXTargetDependency;
			target = 1549C18C2A23C47F0043EAEA /* GitHubApp */;
			targetProxy = 1549C19F2A23C4800043EAEA /* PBXContainerItemProxy */;
		};
		1549C1AA2A23C4800043EAEA /* PBXTargetDependency */ = {
			isa = PBXTargetDependency;
			target = 1549C18C2A23C47F0043EAEA /* GitHubApp */;
			targetProxy = 1549C1A92A23C4800043EAEA /* PBXContainerItemProxy */;
		};
/* End PBXTargetDependency section */

/* Begin XCBuildConfiguration section */
		1549C1B02A23C4800043EAEA /* Debug */ = {
			isa = XCBuildConfiguration;
			baseConfigurationReference = 1523C8852A804E2C00E500D0 /* Dev.xcconfig */;
			buildSettings = {
				ALWAYS_SEARCH_USER_PATHS = NO;
				CLANG_ANALYZER_NONNULL = YES;
				CLANG_ANALYZER_NUMBER_OBJECT_CONVERSION = YES_AGGRESSIVE;
				CLANG_CXX_LANGUAGE_STANDARD = "gnu++20";
				CLANG_ENABLE_MODULES = YES;
				CLANG_ENABLE_OBJC_ARC = YES;
				CLANG_ENABLE_OBJC_WEAK = YES;
				CLANG_WARN_BLOCK_CAPTURE_AUTORELEASING = YES;
				CLANG_WARN_BOOL_CONVERSION = YES;
				CLANG_WARN_COMMA = YES;
				CLANG_WARN_CONSTANT_CONVERSION = YES;
				CLANG_WARN_DEPRECATED_OBJC_IMPLEMENTATIONS = YES;
				CLANG_WARN_DIRECT_OBJC_ISA_USAGE = YES_ERROR;
				CLANG_WARN_DOCUMENTATION_COMMENTS = YES;
				CLANG_WARN_EMPTY_BODY = YES;
				CLANG_WARN_ENUM_CONVERSION = YES;
				CLANG_WARN_INFINITE_RECURSION = YES;
				CLANG_WARN_INT_CONVERSION = YES;
				CLANG_WARN_NON_LITERAL_NULL_CONVERSION = YES;
				CLANG_WARN_OBJC_IMPLICIT_RETAIN_SELF = YES;
				CLANG_WARN_OBJC_LITERAL_CONVERSION = YES;
				CLANG_WARN_OBJC_ROOT_CLASS = YES_ERROR;
				CLANG_WARN_QUOTED_INCLUDE_IN_FRAMEWORK_HEADER = YES;
				CLANG_WARN_RANGE_LOOP_ANALYSIS = YES;
				CLANG_WARN_STRICT_PROTOTYPES = YES;
				CLANG_WARN_SUSPICIOUS_MOVE = YES;
				CLANG_WARN_UNGUARDED_AVAILABILITY = YES_AGGRESSIVE;
				CLANG_WARN_UNREACHABLE_CODE = YES;
				CLANG_WARN__DUPLICATE_METHOD_MATCH = YES;
				COPY_PHASE_STRIP = NO;
				DEBUG_INFORMATION_FORMAT = dwarf;
				ENABLE_STRICT_OBJC_MSGSEND = YES;
				ENABLE_TESTABILITY = YES;
				GCC_C_LANGUAGE_STANDARD = gnu11;
				GCC_DYNAMIC_NO_PIC = NO;
				GCC_NO_COMMON_BLOCKS = YES;
				GCC_OPTIMIZATION_LEVEL = 0;
				GCC_PREPROCESSOR_DEFINITIONS = (
					"DEBUG=1",
					"$(inherited)",
				);
				GCC_WARN_64_TO_32_BIT_CONVERSION = YES;
				GCC_WARN_ABOUT_RETURN_TYPE = YES_ERROR;
				GCC_WARN_UNDECLARED_SELECTOR = YES;
				GCC_WARN_UNINITIALIZED_AUTOS = YES_AGGRESSIVE;
				GCC_WARN_UNUSED_FUNCTION = YES;
				GCC_WARN_UNUSED_VARIABLE = YES;
				MTL_ENABLE_DEBUG_INFO = INCLUDE_SOURCE;
				MTL_FAST_MATH = YES;
				ONLY_ACTIVE_ARCH = YES;
				SWIFT_ACTIVE_COMPILATION_CONDITIONS = DEBUG;
				SWIFT_OPTIMIZATION_LEVEL = "-Onone";
			};
			name = Debug;
		};
		1549C1B12A23C4800043EAEA /* Release */ = {
			isa = XCBuildConfiguration;
			baseConfigurationReference = 1523C8862A804E3800E500D0 /* Prod.xcconfig */;
			buildSettings = {
				ALWAYS_SEARCH_USER_PATHS = NO;
				CLANG_ANALYZER_NONNULL = YES;
				CLANG_ANALYZER_NUMBER_OBJECT_CONVERSION = YES_AGGRESSIVE;
				CLANG_CXX_LANGUAGE_STANDARD = "gnu++20";
				CLANG_ENABLE_MODULES = YES;
				CLANG_ENABLE_OBJC_ARC = YES;
				CLANG_ENABLE_OBJC_WEAK = YES;
				CLANG_WARN_BLOCK_CAPTURE_AUTORELEASING = YES;
				CLANG_WARN_BOOL_CONVERSION = YES;
				CLANG_WARN_COMMA = YES;
				CLANG_WARN_CONSTANT_CONVERSION = YES;
				CLANG_WARN_DEPRECATED_OBJC_IMPLEMENTATIONS = YES;
				CLANG_WARN_DIRECT_OBJC_ISA_USAGE = YES_ERROR;
				CLANG_WARN_DOCUMENTATION_COMMENTS = YES;
				CLANG_WARN_EMPTY_BODY = YES;
				CLANG_WARN_ENUM_CONVERSION = YES;
				CLANG_WARN_INFINITE_RECURSION = YES;
				CLANG_WARN_INT_CONVERSION = YES;
				CLANG_WARN_NON_LITERAL_NULL_CONVERSION = YES;
				CLANG_WARN_OBJC_IMPLICIT_RETAIN_SELF = YES;
				CLANG_WARN_OBJC_LITERAL_CONVERSION = YES;
				CLANG_WARN_OBJC_ROOT_CLASS = YES_ERROR;
				CLANG_WARN_QUOTED_INCLUDE_IN_FRAMEWORK_HEADER = YES;
				CLANG_WARN_RANGE_LOOP_ANALYSIS = YES;
				CLANG_WARN_STRICT_PROTOTYPES = YES;
				CLANG_WARN_SUSPICIOUS_MOVE = YES;
				CLANG_WARN_UNGUARDED_AVAILABILITY = YES_AGGRESSIVE;
				CLANG_WARN_UNREACHABLE_CODE = YES;
				CLANG_WARN__DUPLICATE_METHOD_MATCH = YES;
				COPY_PHASE_STRIP = NO;
				DEBUG_INFORMATION_FORMAT = "dwarf-with-dsym";
				ENABLE_NS_ASSERTIONS = NO;
				ENABLE_STRICT_OBJC_MSGSEND = YES;
				GCC_C_LANGUAGE_STANDARD = gnu11;
				GCC_NO_COMMON_BLOCKS = YES;
				GCC_WARN_64_TO_32_BIT_CONVERSION = YES;
				GCC_WARN_ABOUT_RETURN_TYPE = YES_ERROR;
				GCC_WARN_UNDECLARED_SELECTOR = YES;
				GCC_WARN_UNINITIALIZED_AUTOS = YES_AGGRESSIVE;
				GCC_WARN_UNUSED_FUNCTION = YES;
				GCC_WARN_UNUSED_VARIABLE = YES;
				MTL_ENABLE_DEBUG_INFO = NO;
				MTL_FAST_MATH = YES;
				SWIFT_COMPILATION_MODE = wholemodule;
				SWIFT_OPTIMIZATION_LEVEL = "-O";
			};
			name = Release;
		};
		1549C1B32A23C4800043EAEA /* Debug */ = {
			isa = XCBuildConfiguration;
			baseConfigurationReference = 1523C8852A804E2C00E500D0 /* Dev.xcconfig */;
			buildSettings = {
				ASSETCATALOG_COMPILER_APPICON_NAME = AppIcon;
				ASSETCATALOG_COMPILER_GLOBAL_ACCENT_COLOR_NAME = AccentColor;
				CODE_SIGN_ENTITLEMENTS = GitHubApp/GitHubApp.entitlements;
				CODE_SIGN_STYLE = Automatic;
				CURRENT_PROJECT_VERSION = 1;
				DEVELOPMENT_ASSET_PATHS = "\"GitHubApp/Preview Content\"";
				DEVELOPMENT_TEAM = RDTR6557FX;
				ENABLE_HARDENED_RUNTIME = YES;
				ENABLE_PREVIEWS = YES;
				GENERATE_INFOPLIST_FILE = YES;
				INFOPLIST_FILE = GitHubApp/Info.plist;
				INFOPLIST_KEY_CFBundleDisplayName = GitHubApp;
				INFOPLIST_KEY_LSApplicationCategoryType = "public.app-category.entertainment";
				INFOPLIST_KEY_UIApplicationSceneManifest_Generation = NO;
				"INFOPLIST_KEY_UIApplicationSupportsIndirectInputEvents[sdk=iphoneos*]" = YES;
				"INFOPLIST_KEY_UIApplicationSupportsIndirectInputEvents[sdk=iphonesimulator*]" = YES;
				INFOPLIST_KEY_UILaunchScreen_Generation = YES;
				INFOPLIST_KEY_UIRequiresFullScreen = NO;
				"INFOPLIST_KEY_UIStatusBarStyle[sdk=iphoneos*]" = UIStatusBarStyleDefault;
				"INFOPLIST_KEY_UIStatusBarStyle[sdk=iphonesimulator*]" = UIStatusBarStyleDefault;
				INFOPLIST_KEY_UISupportedInterfaceOrientations = UIInterfaceOrientationPortrait;
				IPHONEOS_DEPLOYMENT_TARGET = 17.0;
				LD_RUNPATH_SEARCH_PATHS = "@executable_path/Frameworks";
				"LD_RUNPATH_SEARCH_PATHS[sdk=macosx*]" = "@executable_path/../Frameworks";
				MACOSX_DEPLOYMENT_TARGET = 13.3;
				MARKETING_VERSION = 1.0;
				PRODUCT_BUNDLE_IDENTIFIER = com.blopes.GitHubApp;
				PRODUCT_NAME = "$(TARGET_NAME)";
				SDKROOT = auto;
				SUPPORTED_PLATFORMS = "iphoneos iphonesimulator";
				SUPPORTS_MACCATALYST = NO;
				SUPPORTS_MAC_DESIGNED_FOR_IPHONE_IPAD = NO;
				SWIFT_EMIT_LOC_STRINGS = YES;
				SWIFT_VERSION = 5.0;
				TARGETED_DEVICE_FAMILY = 1;
			};
			name = Debug;
		};
		1549C1B42A23C4800043EAEA /* Release */ = {
			isa = XCBuildConfiguration;
			baseConfigurationReference = 1523C8862A804E3800E500D0 /* Prod.xcconfig */;
			buildSettings = {
				ASSETCATALOG_COMPILER_APPICON_NAME = AppIcon;
				ASSETCATALOG_COMPILER_GLOBAL_ACCENT_COLOR_NAME = AccentColor;
				CODE_SIGN_ENTITLEMENTS = GitHubApp/GitHubApp.entitlements;
				CODE_SIGN_STYLE = Automatic;
				CURRENT_PROJECT_VERSION = 1;
				DEVELOPMENT_ASSET_PATHS = "\"GitHubApp/Preview Content\"";
				DEVELOPMENT_TEAM = RDTR6557FX;
				ENABLE_HARDENED_RUNTIME = YES;
				ENABLE_PREVIEWS = YES;
				GENERATE_INFOPLIST_FILE = YES;
				INFOPLIST_FILE = GitHubApp/Info.plist;
				INFOPLIST_KEY_CFBundleDisplayName = GitHubApp;
				INFOPLIST_KEY_LSApplicationCategoryType = "public.app-category.entertainment";
				INFOPLIST_KEY_UIApplicationSceneManifest_Generation = NO;
				"INFOPLIST_KEY_UIApplicationSupportsIndirectInputEvents[sdk=iphoneos*]" = YES;
				"INFOPLIST_KEY_UIApplicationSupportsIndirectInputEvents[sdk=iphonesimulator*]" = YES;
				INFOPLIST_KEY_UILaunchScreen_Generation = YES;
				INFOPLIST_KEY_UIRequiresFullScreen = NO;
				"INFOPLIST_KEY_UIStatusBarStyle[sdk=iphoneos*]" = UIStatusBarStyleDefault;
				"INFOPLIST_KEY_UIStatusBarStyle[sdk=iphonesimulator*]" = UIStatusBarStyleDefault;
				INFOPLIST_KEY_UISupportedInterfaceOrientations = UIInterfaceOrientationPortrait;
				IPHONEOS_DEPLOYMENT_TARGET = 17.0;
				LD_RUNPATH_SEARCH_PATHS = "@executable_path/Frameworks";
				"LD_RUNPATH_SEARCH_PATHS[sdk=macosx*]" = "@executable_path/../Frameworks";
				MACOSX_DEPLOYMENT_TARGET = 13.3;
				MARKETING_VERSION = 1.0;
				PRODUCT_BUNDLE_IDENTIFIER = com.blopes.GitHubApp;
				PRODUCT_NAME = "$(TARGET_NAME)";
				SDKROOT = auto;
				SUPPORTED_PLATFORMS = "iphoneos iphonesimulator";
				SUPPORTS_MACCATALYST = NO;
				SUPPORTS_MAC_DESIGNED_FOR_IPHONE_IPAD = NO;
				SWIFT_EMIT_LOC_STRINGS = YES;
				SWIFT_VERSION = 5.0;
				TARGETED_DEVICE_FAMILY = 1;
			};
			name = Release;
		};
		1549C1B62A23C4800043EAEA /* Debug */ = {
			isa = XCBuildConfiguration;
			buildSettings = {
				ALWAYS_EMBED_SWIFT_STANDARD_LIBRARIES = YES;
				BUNDLE_LOADER = "$(TEST_HOST)";
				CODE_SIGN_STYLE = Automatic;
				CURRENT_PROJECT_VERSION = 1;
				DEVELOPMENT_TEAM = RDTR6557FX;
				GENERATE_INFOPLIST_FILE = YES;
				IPHONEOS_DEPLOYMENT_TARGET = 17.0;
				MACOSX_DEPLOYMENT_TARGET = 13.3;
				MARKETING_VERSION = 1.0;
				PRODUCT_BUNDLE_IDENTIFIER = com.blopes.GitHubAppTests;
				PRODUCT_NAME = "$(TARGET_NAME)";
				SDKROOT = auto;
				SUPPORTED_PLATFORMS = "iphoneos iphonesimulator";
				SUPPORTS_MACCATALYST = NO;
				SUPPORTS_MAC_DESIGNED_FOR_IPHONE_IPAD = NO;
				SWIFT_EMIT_LOC_STRINGS = NO;
				SWIFT_VERSION = 5.0;
				TARGETED_DEVICE_FAMILY = 1;
				TEST_HOST = "$(BUILT_PRODUCTS_DIR)/GitHubApp.app/$(BUNDLE_EXECUTABLE_FOLDER_PATH)/GitHubApp";
			};
			name = Debug;
		};
		1549C1B72A23C4800043EAEA /* Release */ = {
			isa = XCBuildConfiguration;
			buildSettings = {
				ALWAYS_EMBED_SWIFT_STANDARD_LIBRARIES = YES;
				BUNDLE_LOADER = "$(TEST_HOST)";
				CODE_SIGN_STYLE = Automatic;
				CURRENT_PROJECT_VERSION = 1;
				DEVELOPMENT_TEAM = RDTR6557FX;
				GENERATE_INFOPLIST_FILE = YES;
				IPHONEOS_DEPLOYMENT_TARGET = 17.0;
				MACOSX_DEPLOYMENT_TARGET = 13.3;
				MARKETING_VERSION = 1.0;
				PRODUCT_BUNDLE_IDENTIFIER = com.blopes.GitHubAppTests;
				PRODUCT_NAME = "$(TARGET_NAME)";
				SDKROOT = auto;
				SUPPORTED_PLATFORMS = "iphoneos iphonesimulator";
				SUPPORTS_MACCATALYST = NO;
				SUPPORTS_MAC_DESIGNED_FOR_IPHONE_IPAD = NO;
				SWIFT_EMIT_LOC_STRINGS = NO;
				SWIFT_VERSION = 5.0;
				TARGETED_DEVICE_FAMILY = 1;
				TEST_HOST = "$(BUILT_PRODUCTS_DIR)/GitHubApp.app/$(BUNDLE_EXECUTABLE_FOLDER_PATH)/GitHubApp";
			};
			name = Release;
		};
		1549C1B92A23C4800043EAEA /* Debug */ = {
			isa = XCBuildConfiguration;
			buildSettings = {
				ALWAYS_EMBED_SWIFT_STANDARD_LIBRARIES = YES;
				CODE_SIGN_STYLE = Automatic;
				CURRENT_PROJECT_VERSION = 1;
				DEVELOPMENT_TEAM = RDTR6557FX;
				GENERATE_INFOPLIST_FILE = YES;
				IPHONEOS_DEPLOYMENT_TARGET = 17.0;
				MACOSX_DEPLOYMENT_TARGET = 13.3;
				MARKETING_VERSION = 1.0;
				PRODUCT_BUNDLE_IDENTIFIER = com.blopes.GitHubAppUITests;
				PRODUCT_NAME = "$(TARGET_NAME)";
				SDKROOT = auto;
				SUPPORTED_PLATFORMS = "iphoneos iphonesimulator";
				SUPPORTS_MACCATALYST = NO;
				SUPPORTS_MAC_DESIGNED_FOR_IPHONE_IPAD = NO;
				SWIFT_EMIT_LOC_STRINGS = NO;
				SWIFT_VERSION = 5.0;
				TARGETED_DEVICE_FAMILY = 1;
				TEST_TARGET_NAME = GitHubApp;
			};
			name = Debug;
		};
		1549C1BA2A23C4800043EAEA /* Release */ = {
			isa = XCBuildConfiguration;
			buildSettings = {
				ALWAYS_EMBED_SWIFT_STANDARD_LIBRARIES = YES;
				CODE_SIGN_STYLE = Automatic;
				CURRENT_PROJECT_VERSION = 1;
				DEVELOPMENT_TEAM = RDTR6557FX;
				GENERATE_INFOPLIST_FILE = YES;
				IPHONEOS_DEPLOYMENT_TARGET = 17.0;
				MACOSX_DEPLOYMENT_TARGET = 13.3;
				MARKETING_VERSION = 1.0;
				PRODUCT_BUNDLE_IDENTIFIER = com.blopes.GitHubAppUITests;
				PRODUCT_NAME = "$(TARGET_NAME)";
				SDKROOT = auto;
				SUPPORTED_PLATFORMS = "iphoneos iphonesimulator";
				SUPPORTS_MACCATALYST = NO;
				SUPPORTS_MAC_DESIGNED_FOR_IPHONE_IPAD = NO;
				SWIFT_EMIT_LOC_STRINGS = NO;
				SWIFT_VERSION = 5.0;
				TARGETED_DEVICE_FAMILY = 1;
				TEST_TARGET_NAME = GitHubApp;
			};
			name = Release;
		};
/* End XCBuildConfiguration section */

/* Begin XCConfigurationList section */
		1549C1882A23C47F0043EAEA /* Build configuration list for PBXProject "GitHubApp" */ = {
			isa = XCConfigurationList;
			buildConfigurations = (
				1549C1B02A23C4800043EAEA /* Debug */,
				1549C1B12A23C4800043EAEA /* Release */,
			);
			defaultConfigurationIsVisible = 0;
			defaultConfigurationName = Release;
		};
		1549C1B22A23C4800043EAEA /* Build configuration list for PBXNativeTarget "GitHubApp" */ = {
			isa = XCConfigurationList;
			buildConfigurations = (
				1549C1B32A23C4800043EAEA /* Debug */,
				1549C1B42A23C4800043EAEA /* Release */,
			);
			defaultConfigurationIsVisible = 0;
			defaultConfigurationName = Release;
		};
		1549C1B52A23C4800043EAEA /* Build configuration list for PBXNativeTarget "GitHubAppTests" */ = {
			isa = XCConfigurationList;
			buildConfigurations = (
				1549C1B62A23C4800043EAEA /* Debug */,
				1549C1B72A23C4800043EAEA /* Release */,
			);
			defaultConfigurationIsVisible = 0;
			defaultConfigurationName = Release;
		};
		1549C1B82A23C4800043EAEA /* Build configuration list for PBXNativeTarget "GitHubAppUITests" */ = {
			isa = XCConfigurationList;
			buildConfigurations = (
				1549C1B92A23C4800043EAEA /* Debug */,
				1549C1BA2A23C4800043EAEA /* Release */,
			);
			defaultConfigurationIsVisible = 0;
			defaultConfigurationName = Release;
		};
/* End XCConfigurationList section */

/* Begin XCRemoteSwiftPackageReference section */
		158522B42A8DA3B700D881D2 /* XCRemoteSwiftPackageReference "swift-snapshot-testing" */ = {
			isa = XCRemoteSwiftPackageReference;
			repositoryURL = "https://github.com/pointfreeco/swift-snapshot-testing";
			requirement = {
				kind = upToNextMajorVersion;
				minimumVersion = 1.14.1;
			};
		};
		158C72E62CEA437A00F07D27 /* XCRemoteSwiftPackageReference "EntropyCore" */ = {
			isa = XCRemoteSwiftPackageReference;
			repositoryURL = "https://github.com/BrunoCerberus/EntropyCore.git";
			requirement = {
				branch = master;
				kind = branch;
			};
		};
		15E445072E1E4F4B0027439E /* XCRemoteSwiftPackageReference "equatable" */ = {
			isa = XCRemoteSwiftPackageReference;
			repositoryURL = "https://github.com/ordo-one/equatable.git";
			requirement = {
				kind = upToNextMajorVersion;
				minimumVersion = 1.0.4;
			};
		};
/* End XCRemoteSwiftPackageReference section */

/* Begin XCSwiftPackageProductDependency section */
		158522B52A8DA3B700D881D2 /* SnapshotTesting */ = {
			isa = XCSwiftPackageProductDependency;
			package = 158522B42A8DA3B700D881D2 /* XCRemoteSwiftPackageReference "swift-snapshot-testing" */;
			productName = SnapshotTesting;
		};
		158C72E82CEA43B700F07D27 /* EntropyCore */ = {
			isa = XCSwiftPackageProductDependency;
			package = 158C72E62CEA437A00F07D27 /* XCRemoteSwiftPackageReference "EntropyCore" */;
			productName = EntropyCore;
		};
		15E445082E1E4F4B0027439E /* Equatable */ = {
			isa = XCSwiftPackageProductDependency;
			package = 15E445072E1E4F4B0027439E /* XCRemoteSwiftPackageReference "equatable" */;
			productName = Equatable;
		};
/* End XCSwiftPackageProductDependency section */
	};
	rootObject = 1549C1852A23C47F0043EAEA /* Project object */;
}
