// !$*UTF8*$!
{
	archiveVersion = 1;
	classes = {
	};
	objectVersion = 77;
	objects = {

/* Begin PBXBuildFile section */
		01EEA149D533F34ED4F0E0E1 /* HomeNavigationRouterTests.swift in Sources */ = {isa = PBXBuildFile; fileRef = 5712D66361A0874AC7FF64DD /* HomeNavigationRouterTests.swift */; };
		02C505DB4E4F59C22F945129 /* LikedMoviesViewModel.swift in Sources */ = {isa = PBXBuildFile; fileRef = 2D2DF0DD836723B9BC28C459 /* LikedMoviesViewModel.swift */; };
		04D0F8621AA475E5E462BB20 /* HomeView.swift in Sources */ = {isa = PBXBuildFile; fileRef = 1E797B2292F98EE5C7B2F4CD /* HomeView.swift */; };
		07B8683AA28848D076B1241E /* GitHubAppSceneDelegate.swift in Sources */ = {isa = PBXBuildFile; fileRef = EA91AD85F1369ECD0568C0BF /* GitHubAppSceneDelegate.swift */; };
		13CF917B3191A1DA922CA54A /* XCTest.framework in Frameworks */ = {isa = PBXBuildFile; fileRef = 48AAA2AA801A58CA02F663DA /* XCTest.framework */; };
		1BD34B3D997B2DCA805BABBC /* Movie.swift in Sources */ = {isa = PBXBuildFile; fileRef = E418C365673A7565EDED5B8A /* Movie.swift */; };
		266E4A90A1DB26F6BF151400 /* testMovieDetailsView.movieDetailsView.png in Resources */ = {isa = PBXBuildFile; fileRef = F45DD8E5B292B791A5CA8ADD /* testMovieDetailsView.movieDetailsView.png */; };
		2DEA3D9D60C9142B778F9B97 /* KeychainManager.swift in Sources */ = {isa = PBXBuildFile; fileRef = 75DF9594E63D25F26535BA3C /* KeychainManager.swift */; };
		2FF46CF8B792475A4C5FE6B8 /* HomeViewState.swift in Sources */ = {isa = PBXBuildFile; fileRef = 5B1AECDB3B54A5C16F44B975 /* HomeViewState.swift */; };
		35A3E45ADEEDBAE9936B299A /* LikedMoviesView.swift in Sources */ = {isa = PBXBuildFile; fileRef = 4207CF74D4DCD32CB4568BC7 /* LikedMoviesView.swift */; };
		3F9DB6626CF222A138F8DF73 /* MovieReviews.swift in Sources */ = {isa = PBXBuildFile; fileRef = A9F04848080CDACCBA09466D /* MovieReviews.swift */; };
		44F148932D982D9471DC335F /* MovieDetailsHostingController.swift in Sources */ = {isa = PBXBuildFile; fileRef = 42FB2F79187D62A0C6D9CB77 /* MovieDetailsHostingController.swift */; };
		49DC033D4D9213FD4DC1A9EE /* HomeViewEvent.swift in Sources */ = {isa = PBXBuildFile; fileRef = F522E08316111B57C8AD13B0 /* HomeViewEvent.swift */; };
		4A491189F396C9063AD24B66 /* SnapshotTesting in Frameworks */ = {isa = PBXBuildFile; productRef = F4610898CD12B886BF91A770 /* SnapshotTesting */; };
		4D0EC02CCD160710282A5E9E /* Coordinator.swift in Sources */ = {isa = PBXBuildFile; fileRef = 0845436BA3A2DF39B56B83D8 /* Coordinator.swift */; };
		5CAD536007B3768C9BD5B8DA /* HomeAPI.swift in Sources */ = {isa = PBXBuildFile; fileRef = 218161E3AA9BE1CDEA804610 /* HomeAPI.swift */; };
		60968BA07A3467888D8C2A85 /* testHomeView.1.png in Resources */ = {isa = PBXBuildFile; fileRef = BBD5B37AF64A0C0A09BEB4A1 /* testHomeView.1.png */; };
		60F9E4A59757AA1815043264 /* HomeService.swift in Sources */ = {isa = PBXBuildFile; fileRef = D8AE531A06EF71E5AE568CA7 /* HomeService.swift */; };
		6F4E114BE32BE6A60A7DF529 /* KeychainManagerTests.swift in Sources */ = {isa = PBXBuildFile; fileRef = D77E3F596E78EF9670F5407A /* KeychainManagerTests.swift */; };
		77CC84722F61D2FA3C45D384 /* UIKit.framework in Frameworks */ = {isa = PBXBuildFile; fileRef = 6225CEEB8842834DF359CD86 /* UIKit.framework */; };
		7D97DD42029A4F8E08875D55 /* MockHomeService.swift in Sources */ = {isa = PBXBuildFile; fileRef = 9418519936B566A9C4A68597 /* MockHomeService.swift */; };
		7F2825CBA0E8F8D765D324B1 /* Preview Assets.xcassets in Resources */ = {isa = PBXBuildFile; fileRef = 9FEC59DF6588F4395BE51CA9 /* Preview Assets.xcassets */; };
		81EC818F450EC0B3A24A7A85 /* HomeNavigationEvent.swift in Sources */ = {isa = PBXBuildFile; fileRef = 1DAA8007057028D6735383D5 /* HomeNavigationEvent.swift */; };
		8A80BA377D949045C83F7364 /* MovieDetailsViewTests.swift in Sources */ = {isa = PBXBuildFile; fileRef = 03E3EAB2E870C5B6AE5EDBD3 /* MovieDetailsViewTests.swift */; };
		8BEC337A76EBE786970103AB /* GitHubAppUITests.swift in Sources */ = {isa = PBXBuildFile; fileRef = C6A39F39BC2BA81819D99646 /* GitHubAppUITests.swift */; };
		8F2ED0BF36CABC1AC28ED54A /* GitHubAppDelegate.swift in Sources */ = {isa = PBXBuildFile; fileRef = 432F2765B106DB94ED84E10F /* GitHubAppDelegate.swift */; };
		8F35B6BA4A9417BC2D968228 /* CoordinatorView.swift in Sources */ = {isa = PBXBuildFile; fileRef = 621967917FAF2355711710F5 /* CoordinatorView.swift */; };
		8FBC21B79628A8B593B14B03 /* MovieDetailsView.swift in Sources */ = {isa = PBXBuildFile; fileRef = 968D6E742FAA0E1F1253B07C /* MovieDetailsView.swift */; };
		92BF668B6C46AB54BAF2E5D6 /* MovieDetailsViewModel.swift in Sources */ = {isa = PBXBuildFile; fileRef = 96EA1B786658C10B6A1DDA81 /* MovieDetailsViewModel.swift */; };
		9944A9DA6DCA58E4BBA1876A /* Assets.xcassets in Resources */ = {isa = PBXBuildFile; fileRef = A9AA2FAFA3D17AFCE6928DD2 /* Assets.xcassets */; };
		A787045F9608F5025BF9DD46 /* APIKeys.swift in Sources */ = {isa = PBXBuildFile; fileRef = B0343510FC2EB9FD2F219C09 /* APIKeys.swift */; };
		A8B6EF7201F394ACE4152C44 /* testMovieDetailsView.1.png in Resources */ = {isa = PBXBuildFile; fileRef = F5CA0BDDCE7E011312A86555 /* testMovieDetailsView.1.png */; };
		AEDB02D4F0C2AE94BF26DB4D /* .swiftlint.yml in Resources */ = {isa = PBXBuildFile; fileRef = 93EED303D215260E0B5B8DEA /* .swiftlint.yml */; };
		B7CDD6E745B1A6DFC7FCFB9A /* GitHubAppUITestsLaunchTests.swift in Sources */ = {isa = PBXBuildFile; fileRef = 452A33B2856F041B862D734F /* GitHubAppUITestsLaunchTests.swift */; };
		B93013353B03BD73D1133289 /* Foundation.framework in Frameworks */ = {isa = PBXBuildFile; fileRef = F205178CAC64F3F467AABF89 /* Foundation.framework */; };
		B9E8E28DDFD81C74A23832D6 /* HomeViewModel.swift in Sources */ = {isa = PBXBuildFile; fileRef = 71DD704317A34C2B216FE415 /* HomeViewModel.swift */; };
		C16BFE510B2BACBBC17BE8C5 /* Combine.framework in Frameworks */ = {isa = PBXBuildFile; fileRef = 798953201A8C2F97BB7ABCFC /* Combine.framework */; };
		C427BD581C8BE48F93317C82 /* HomeNavigationRouter.swift in Sources */ = {isa = PBXBuildFile; fileRef = 5736B21032AB8F2DD3CCF727 /* HomeNavigationRouter.swift */; };
		D51F41A6A0F58FFF38A47540 /* HomeHostingController.swift in Sources */ = {isa = PBXBuildFile; fileRef = 8365D23EB991839890A94BFF /* HomeHostingController.swift */; };
		D632EA99005F4E591D88E397 /* EntropyCore in Frameworks */ = {isa = PBXBuildFile; productRef = 7FF3679845878F76CA9B90C5 /* EntropyCore */; };
		D67F5A30D443FF1BB9C548C3 /* MovieCredits.swift in Sources */ = {isa = PBXBuildFile; fileRef = 12284CAB4BF4822C4325B028 /* MovieCredits.swift */; };
		E3A1C16A2E594F1FE5F77CC3 /* HomeViewTests.swift in Sources */ = {isa = PBXBuildFile; fileRef = 619FFC962D3225E694B48752 /* HomeViewTests.swift */; };
		EE9CBD0D040A70A7ADC8AE78 /* HomeDataViewState.swift in Sources */ = {isa = PBXBuildFile; fileRef = 2458833DC13DDFD9F7DD10E2 /* HomeDataViewState.swift */; };
		F5218E8F707335C69183C584 /* XCTest.framework in Frameworks */ = {isa = PBXBuildFile; fileRef = 48AAA2AA801A58CA02F663DA /* XCTest.framework */; };
/* End PBXBuildFile section */

/* Begin PBXContainerItemProxy section */
		C11A572D76F16C2D074A4052 /* PBXContainerItemProxy */ = {
			isa = PBXContainerItemProxy;
			containerPortal = 31B4023AC5DE3B9293D134B8 /* Project object */;
			proxyType = 1;
			remoteGlobalIDString = C3288A93B8EF05F1F3ABCE68;
			remoteInfo = GitHubApp;
		};
		DDF737608660C3C901147FA6 /* PBXContainerItemProxy */ = {
			isa = PBXContainerItemProxy;
			containerPortal = 31B4023AC5DE3B9293D134B8 /* Project object */;
			proxyType = 1;
			remoteGlobalIDString = C3288A93B8EF05F1F3ABCE68;
			remoteInfo = GitHubApp;
		};
/* End PBXContainerItemProxy section */

/* Begin PBXFileReference section */
		03E3EAB2E870C5B6AE5EDBD3 /* MovieDetailsViewTests.swift */ = {isa = PBXFileReference; lastKnownFileType = sourcecode.swift; path = MovieDetailsViewTests.swift; sourceTree = "<group>"; };
		0845436BA3A2DF39B56B83D8 /* Coordinator.swift */ = {isa = PBXFileReference; lastKnownFileType = sourcecode.swift; path = Coordinator.swift; sourceTree = "<group>"; };
		12284CAB4BF4822C4325B028 /* MovieCredits.swift */ = {isa = PBXFileReference; lastKnownFileType = sourcecode.swift; path = MovieCredits.swift; sourceTree = "<group>"; };
		1623D3F8EEE80CCE86E5F37C /* GitHubAppTests.xctest */ = {isa = PBXFileReference; includeInIndex = 0; lastKnownFileType = wrapper.cfbundle; path = GitHubAppTests.xctest; sourceTree = BUILT_PRODUCTS_DIR; };
		1DAA8007057028D6735383D5 /* HomeNavigationEvent.swift */ = {isa = PBXFileReference; lastKnownFileType = sourcecode.swift; path = HomeNavigationEvent.swift; sourceTree = "<group>"; };
		1E797B2292F98EE5C7B2F4CD /* HomeView.swift */ = {isa = PBXFileReference; lastKnownFileType = sourcecode.swift; path = HomeView.swift; sourceTree = "<group>"; };
		218161E3AA9BE1CDEA804610 /* HomeAPI.swift */ = {isa = PBXFileReference; lastKnownFileType = sourcecode.swift; path = HomeAPI.swift; sourceTree = "<group>"; };
		2458833DC13DDFD9F7DD10E2 /* HomeDataViewState.swift */ = {isa = PBXFileReference; lastKnownFileType = sourcecode.swift; path = HomeDataViewState.swift; sourceTree = "<group>"; };
		2D2DF0DD836723B9BC28C459 /* LikedMoviesViewModel.swift */ = {isa = PBXFileReference; lastKnownFileType = sourcecode.swift; path = LikedMoviesViewModel.swift; sourceTree = "<group>"; };
		4061D18F1790576FE396CF10 /* Info.plist */ = {isa = PBXFileReference; lastKnownFileType = text.plist; path = Info.plist; sourceTree = "<group>"; };
		4207CF74D4DCD32CB4568BC7 /* LikedMoviesView.swift */ = {isa = PBXFileReference; lastKnownFileType = sourcecode.swift; path = LikedMoviesView.swift; sourceTree = "<group>"; };
		42FB2F79187D62A0C6D9CB77 /* MovieDetailsHostingController.swift */ = {isa = PBXFileReference; lastKnownFileType = sourcecode.swift; path = MovieDetailsHostingController.swift; sourceTree = "<group>"; };
		432F2765B106DB94ED84E10F /* GitHubAppDelegate.swift */ = {isa = PBXFileReference; lastKnownFileType = sourcecode.swift; path = GitHubAppDelegate.swift; sourceTree = "<group>"; };
		452A33B2856F041B862D734F /* GitHubAppUITestsLaunchTests.swift */ = {isa = PBXFileReference; lastKnownFileType = sourcecode.swift; path = GitHubAppUITestsLaunchTests.swift; sourceTree = "<group>"; };
		48AAA2AA801A58CA02F663DA /* XCTest.framework */ = {isa = PBXFileReference; lastKnownFileType = wrapper.framework; name = XCTest.framework; path = System/Library/Frameworks/XCTest.framework; sourceTree = SDKROOT; };
		5712D66361A0874AC7FF64DD /* HomeNavigationRouterTests.swift */ = {isa = PBXFileReference; lastKnownFileType = sourcecode.swift; path = HomeNavigationRouterTests.swift; sourceTree = "<group>"; };
		5736B21032AB8F2DD3CCF727 /* HomeNavigationRouter.swift */ = {isa = PBXFileReference; lastKnownFileType = sourcecode.swift; path = HomeNavigationRouter.swift; sourceTree = "<group>"; };
		5B1AECDB3B54A5C16F44B975 /* HomeViewState.swift */ = {isa = PBXFileReference; lastKnownFileType = sourcecode.swift; path = HomeViewState.swift; sourceTree = "<group>"; };
		5EC83631E7986BE6374EBF61 /* Info.plist */ = {isa = PBXFileReference; lastKnownFileType = text.plist; path = Info.plist; sourceTree = "<group>"; };
		619FFC962D3225E694B48752 /* HomeViewTests.swift */ = {isa = PBXFileReference; lastKnownFileType = sourcecode.swift; path = HomeViewTests.swift; sourceTree = "<group>"; };
		621967917FAF2355711710F5 /* CoordinatorView.swift */ = {isa = PBXFileReference; lastKnownFileType = sourcecode.swift; path = CoordinatorView.swift; sourceTree = "<group>"; };
		6225CEEB8842834DF359CD86 /* UIKit.framework */ = {isa = PBXFileReference; lastKnownFileType = wrapper.framework; name = UIKit.framework; path = System/Library/Frameworks/UIKit.framework; sourceTree = SDKROOT; };
		71DD704317A34C2B216FE415 /* HomeViewModel.swift */ = {isa = PBXFileReference; lastKnownFileType = sourcecode.swift; path = HomeViewModel.swift; sourceTree = "<group>"; };
		75DF9594E63D25F26535BA3C /* KeychainManager.swift */ = {isa = PBXFileReference; lastKnownFileType = sourcecode.swift; path = KeychainManager.swift; sourceTree = "<group>"; };
		798953201A8C2F97BB7ABCFC /* Combine.framework */ = {isa = PBXFileReference; lastKnownFileType = wrapper.framework; name = Combine.framework; path = System/Library/Frameworks/Combine.framework; sourceTree = SDKROOT; };
		8365D23EB991839890A94BFF /* HomeHostingController.swift */ = {isa = PBXFileReference; lastKnownFileType = sourcecode.swift; path = HomeHostingController.swift; sourceTree = "<group>"; };
		93EED303D215260E0B5B8DEA /* .swiftlint.yml */ = {isa = PBXFileReference; lastKnownFileType = text.yaml; path = .swiftlint.yml; sourceTree = "<group>"; };
		9418519936B566A9C4A68597 /* MockHomeService.swift */ = {isa = PBXFileReference; lastKnownFileType = sourcecode.swift; path = MockHomeService.swift; sourceTree = "<group>"; };
		968D6E742FAA0E1F1253B07C /* MovieDetailsView.swift */ = {isa = PBXFileReference; lastKnownFileType = sourcecode.swift; path = MovieDetailsView.swift; sourceTree = "<group>"; };
		96EA1B786658C10B6A1DDA81 /* MovieDetailsViewModel.swift */ = {isa = PBXFileReference; lastKnownFileType = sourcecode.swift; path = MovieDetailsViewModel.swift; sourceTree = "<group>"; };
		9FEC59DF6588F4395BE51CA9 /* Preview Assets.xcassets */ = {isa = PBXFileReference; lastKnownFileType = folder.assetcatalog; path = "Preview Assets.xcassets"; sourceTree = "<group>"; };
		A9AA2FAFA3D17AFCE6928DD2 /* Assets.xcassets */ = {isa = PBXFileReference; lastKnownFileType = folder.assetcatalog; path = Assets.xcassets; sourceTree = "<group>"; };
		A9F04848080CDACCBA09466D /* MovieReviews.swift */ = {isa = PBXFileReference; lastKnownFileType = sourcecode.swift; path = MovieReviews.swift; sourceTree = "<group>"; };
		B0343510FC2EB9FD2F219C09 /* APIKeys.swift */ = {isa = PBXFileReference; lastKnownFileType = sourcecode.swift; path = APIKeys.swift; sourceTree = "<group>"; };
		BB23072E8A40CEEDABF2C8D5 /* GitHubApp.app */ = {isa = PBXFileReference; includeInIndex = 0; lastKnownFileType = wrapper.application; path = GitHubApp.app; sourceTree = BUILT_PRODUCTS_DIR; };
		BBD5B37AF64A0C0A09BEB4A1 /* testHomeView.1.png */ = {isa = PBXFileReference; lastKnownFileType = image.png; path = testHomeView.1.png; sourceTree = "<group>"; };
		C6A39F39BC2BA81819D99646 /* GitHubAppUITests.swift */ = {isa = PBXFileReference; lastKnownFileType = sourcecode.swift; path = GitHubAppUITests.swift; sourceTree = "<group>"; };
		C840192E8BA318CE6989A89A /* GitHubApp.entitlements */ = {isa = PBXFileReference; lastKnownFileType = text.plist.entitlements; path = GitHubApp.entitlements; sourceTree = "<group>"; };
		D77E3F596E78EF9670F5407A /* KeychainManagerTests.swift */ = {isa = PBXFileReference; lastKnownFileType = sourcecode.swift; path = KeychainManagerTests.swift; sourceTree = "<group>"; };
		D79D07C044C73FACA02EA242 /* GitHubAppUITests.xctest */ = {isa = PBXFileReference; includeInIndex = 0; lastKnownFileType = wrapper.cfbundle; path = GitHubAppUITests.xctest; sourceTree = BUILT_PRODUCTS_DIR; };
		D8AE531A06EF71E5AE568CA7 /* HomeService.swift */ = {isa = PBXFileReference; lastKnownFileType = sourcecode.swift; path = HomeService.swift; sourceTree = "<group>"; };
		E418C365673A7565EDED5B8A /* Movie.swift */ = {isa = PBXFileReference; lastKnownFileType = sourcecode.swift; path = Movie.swift; sourceTree = "<group>"; };
		EA91AD85F1369ECD0568C0BF /* GitHubAppSceneDelegate.swift */ = {isa = PBXFileReference; lastKnownFileType = sourcecode.swift; path = GitHubAppSceneDelegate.swift; sourceTree = "<group>"; };
		F205178CAC64F3F467AABF89 /* Foundation.framework */ = {isa = PBXFileReference; lastKnownFileType = wrapper.framework; name = Foundation.framework; path = System/Library/Frameworks/Foundation.framework; sourceTree = SDKROOT; };
		F45DD8E5B292B791A5CA8ADD /* testMovieDetailsView.movieDetailsView.png */ = {isa = PBXFileReference; lastKnownFileType = image.png; path = testMovieDetailsView.movieDetailsView.png; sourceTree = "<group>"; };
		F522E08316111B57C8AD13B0 /* HomeViewEvent.swift */ = {isa = PBXFileReference; lastKnownFileType = sourcecode.swift; path = HomeViewEvent.swift; sourceTree = "<group>"; };
		F5CA0BDDCE7E011312A86555 /* testMovieDetailsView.1.png */ = {isa = PBXFileReference; lastKnownFileType = image.png; path = testMovieDetailsView.1.png; sourceTree = "<group>"; };
/* End PBXFileReference section */

/* Begin PBXFrameworksBuildPhase section */
		2570DD72BCAB8D9E1A54F500 /* Frameworks */ = {
			isa = PBXFrameworksBuildPhase;
			buildActionMask = 2147483647;
			files = (
				B93013353B03BD73D1133289 /* Foundation.framework in Frameworks */,
				77CC84722F61D2FA3C45D384 /* UIKit.framework in Frameworks */,
				C16BFE510B2BACBBC17BE8C5 /* Combine.framework in Frameworks */,
				D632EA99005F4E591D88E397 /* EntropyCore in Frameworks */,
			);
			runOnlyForDeploymentPostprocessing = 0;
		};
		6A76A65B44C9D6B6FD7CD893 /* Frameworks */ = {
			isa = PBXFrameworksBuildPhase;
			buildActionMask = 2147483647;
			files = (
				13CF917B3191A1DA922CA54A /* XCTest.framework in Frameworks */,
				4A491189F396C9063AD24B66 /* SnapshotTesting in Frameworks */,
			);
			runOnlyForDeploymentPostprocessing = 0;
		};
		D6FD7310DB73E8E98DBFE0EB /* Frameworks */ = {
			isa = PBXFrameworksBuildPhase;
			buildActionMask = 2147483647;
			files = (
				F5218E8F707335C69183C584 /* XCTest.framework in Frameworks */,
			);
			runOnlyForDeploymentPostprocessing = 0;
		};
/* End PBXFrameworksBuildPhase section */

/* Begin PBXGroup section */
		0B9213CF54DBC41262F41EFA /* Preview Content */ = {
			isa = PBXGroup;
			children = (
				9FEC59DF6588F4395BE51CA9 /* Preview Assets.xcassets */,
			);
			path = "Preview Content";
			sourceTree = "<group>";
		};
		1E9201E251F8624BDC28EE7C /* ViewStates */ = {
			isa = PBXGroup;
			children = (
				2458833DC13DDFD9F7DD10E2 /* HomeDataViewState.swift */,
				5B1AECDB3B54A5C16F44B975 /* HomeViewState.swift */,
			);
			path = ViewStates;
			sourceTree = "<group>";
		};
		28784344838E80E1515E9D3A /* GitHubAppTests */ = {
			isa = PBXGroup;
			children = (
				903B103371187A48E24BB646 /* Configs */,
				305844E54067394AFB01E0DC /* Home */,
				C20F8ECCA0237A2D49910339 /* Mocks */,
				5EC83631E7986BE6374EBF61 /* Info.plist */,
			);
			path = GitHubAppTests;
			sourceTree = "<group>";
		};
		2FF56696043D8BE94E659AB3 /* HomeAPI */ = {
			isa = PBXGroup;
			children = (
				218161E3AA9BE1CDEA804610 /* HomeAPI.swift */,
			);
			path = HomeAPI;
			sourceTree = "<group>";
		};
		305844E54067394AFB01E0DC /* Home */ = {
			isa = PBXGroup;
			children = (
				C25624C6D22A8AD74D128233 /* Router */,
				9FF871393499DBAB634B9ED7 /* View */,
			);
			path = Home;
			sourceTree = "<group>";
		};
		365C604FBDF9F4BAA91D27BB /* GitHubApp */ = {
			isa = PBXGroup;
			children = (
				C36C35769334F39D80A99A52 /* Configs */,
				C5E66F61B49FE290D74095A5 /* Home */,
				0B9213CF54DBC41262F41EFA /* Preview Content */,
				93EED303D215260E0B5B8DEA /* .swiftlint.yml */,
				A9AA2FAFA3D17AFCE6928DD2 /* Assets.xcassets */,
				C840192E8BA318CE6989A89A /* GitHubApp.entitlements */,
				432F2765B106DB94ED84E10F /* GitHubAppDelegate.swift */,
				EA91AD85F1369ECD0568C0BF /* GitHubAppSceneDelegate.swift */,
			);
			path = GitHubApp;
			sourceTree = "<group>";
		};
		3EF4E7DACAC2A8DFEBDC96F3 /* HostingController */ = {
			isa = PBXGroup;
			children = (
				8365D23EB991839890A94BFF /* HomeHostingController.swift */,
				42FB2F79187D62A0C6D9CB77 /* MovieDetailsHostingController.swift */,
			);
			path = HostingController;
			sourceTree = "<group>";
		};
		45B21E8DFA78BA5D8035A815 /* MovieDetailsViewTests */ = {
			isa = PBXGroup;
			children = (
				F5CA0BDDCE7E011312A86555 /* testMovieDetailsView.1.png */,
				F45DD8E5B292B791A5CA8ADD /* testMovieDetailsView.movieDetailsView.png */,
			);
			path = MovieDetailsViewTests;
			sourceTree = "<group>";
		};
		4B3B120FA351ED1AA4E78E5B /* Coordinator */ = {
			isa = PBXGroup;
			children = (
				0845436BA3A2DF39B56B83D8 /* Coordinator.swift */,
				621967917FAF2355711710F5 /* CoordinatorView.swift */,
			);
			path = Coordinator;
			sourceTree = "<group>";
		};
		4D53F9CBB810AFCAA62C81BB /* HomeViewTests */ = {
			isa = PBXGroup;
			children = (
				BBD5B37AF64A0C0A09BEB4A1 /* testHomeView.1.png */,
			);
			path = HomeViewTests;
			sourceTree = "<group>";
		};
		7CCC1CDF5ADAEEFCF73F66B2 /* Router */ = {
			isa = PBXGroup;
			children = (
				1DAA8007057028D6735383D5 /* HomeNavigationEvent.swift */,
				5736B21032AB8F2DD3CCF727 /* HomeNavigationRouter.swift */,
			);
			path = Router;
			sourceTree = "<group>";
		};
		7D05AB6EBF50D856D5F9E183 /* ViewEvents */ = {
			isa = PBXGroup;
			children = (
				F522E08316111B57C8AD13B0 /* HomeViewEvent.swift */,
			);
			path = ViewEvents;
			sourceTree = "<group>";
		};
		8130FF68464458B82BD984AD /* GitHubAppUITests */ = {
			isa = PBXGroup;
			children = (
				C6A39F39BC2BA81819D99646 /* GitHubAppUITests.swift */,
				452A33B2856F041B862D734F /* GitHubAppUITestsLaunchTests.swift */,
				4061D18F1790576FE396CF10 /* Info.plist */,
			);
			path = GitHubAppUITests;
			sourceTree = "<group>";
		};
		903B103371187A48E24BB646 /* Configs */ = {
			isa = PBXGroup;
			children = (
				D77E3F596E78EF9670F5407A /* KeychainManagerTests.swift */,
			);
			path = Configs;
			sourceTree = "<group>";
		};
		91D91EB605A3E30DFC585B67 /* Model */ = {
			isa = PBXGroup;
			children = (
				E418C365673A7565EDED5B8A /* Movie.swift */,
				12284CAB4BF4822C4325B028 /* MovieCredits.swift */,
				A9F04848080CDACCBA09466D /* MovieReviews.swift */,
			);
			path = Model;
			sourceTree = "<group>";
		};
		975E7B45CF347042C556E26E /* Frameworks */ = {
			isa = PBXGroup;
			children = (
				798953201A8C2F97BB7ABCFC /* Combine.framework */,
				F205178CAC64F3F467AABF89 /* Foundation.framework */,
				6225CEEB8842834DF359CD86 /* UIKit.framework */,
				48AAA2AA801A58CA02F663DA /* XCTest.framework */,
			);
			name = Frameworks;
			sourceTree = "<group>";
		};
		981C2BCD2D354E552AA3D71B /* ViewModel */ = {
			isa = PBXGroup;
			children = (
				71DD704317A34C2B216FE415 /* HomeViewModel.swift */,
				2D2DF0DD836723B9BC28C459 /* LikedMoviesViewModel.swift */,
				96EA1B786658C10B6A1DDA81 /* MovieDetailsViewModel.swift */,
			);
			path = ViewModel;
			sourceTree = "<group>";
		};
		9FF871393499DBAB634B9ED7 /* View */ = {
			isa = PBXGroup;
			children = (
				AD8EB5E6BD3DDE71C9BEEAB8 /* __Snapshots__ */,
				619FFC962D3225E694B48752 /* HomeViewTests.swift */,
				03E3EAB2E870C5B6AE5EDBD3 /* MovieDetailsViewTests.swift */,
			);
			path = View;
			sourceTree = "<group>";
		};
		AD8EB5E6BD3DDE71C9BEEAB8 /* __Snapshots__ */ = {
			isa = PBXGroup;
			children = (
				4D53F9CBB810AFCAA62C81BB /* HomeViewTests */,
				45B21E8DFA78BA5D8035A815 /* MovieDetailsViewTests */,
			);
			path = __Snapshots__;
			sourceTree = "<group>";
		};
		BE8AC8E3DC9D3415B8A1B998 /* Products */ = {
			isa = PBXGroup;
			children = (
				BB23072E8A40CEEDABF2C8D5 /* GitHubApp.app */,
				1623D3F8EEE80CCE86E5F37C /* GitHubAppTests.xctest */,
				D79D07C044C73FACA02EA242 /* GitHubAppUITests.xctest */,
			);
			name = Products;
			sourceTree = "<group>";
		};
		C20F8ECCA0237A2D49910339 /* Mocks */ = {
			isa = PBXGroup;
			children = (
				9418519936B566A9C4A68597 /* MockHomeService.swift */,
			);
			path = Mocks;
			sourceTree = "<group>";
		};
		C25624C6D22A8AD74D128233 /* Router */ = {
			isa = PBXGroup;
			children = (
				5712D66361A0874AC7FF64DD /* HomeNavigationRouterTests.swift */,
			);
			path = Router;
			sourceTree = "<group>";
		};
		C36C35769334F39D80A99A52 /* Configs */ = {
			isa = PBXGroup;
			children = (
				B0343510FC2EB9FD2F219C09 /* APIKeys.swift */,
				75DF9594E63D25F26535BA3C /* KeychainManager.swift */,
			);
			path = Configs;
			sourceTree = "<group>";
		};
		C4DB7480BD5552D600FCA548 /* HomeService */ = {
			isa = PBXGroup;
			children = (
				D8AE531A06EF71E5AE568CA7 /* HomeService.swift */,
			);
			path = HomeService;
			sourceTree = "<group>";
		};
		C5E66F61B49FE290D74095A5 /* Home */ = {
			isa = PBXGroup;
			children = (
				F7102E688CEA4B41C9D6BE8A /* API */,
				4B3B120FA351ED1AA4E78E5B /* Coordinator */,
				3EF4E7DACAC2A8DFEBDC96F3 /* HostingController */,
				7CCC1CDF5ADAEEFCF73F66B2 /* Router */,
				D35DD6A6EDE73D8E158850E8 /* View */,
				7D05AB6EBF50D856D5F9E183 /* ViewEvents */,
				981C2BCD2D354E552AA3D71B /* ViewModel */,
				1E9201E251F8624BDC28EE7C /* ViewStates */,
			);
			path = Home;
			sourceTree = "<group>";
		};
		D35DD6A6EDE73D8E158850E8 /* View */ = {
			isa = PBXGroup;
			children = (
				1E797B2292F98EE5C7B2F4CD /* HomeView.swift */,
				4207CF74D4DCD32CB4568BC7 /* LikedMoviesView.swift */,
				968D6E742FAA0E1F1253B07C /* MovieDetailsView.swift */,
			);
			path = View;
			sourceTree = "<group>";
		};
		F7102E688CEA4B41C9D6BE8A /* API */ = {
			isa = PBXGroup;
			children = (
				2FF56696043D8BE94E659AB3 /* HomeAPI */,
				C4DB7480BD5552D600FCA548 /* HomeService */,
				91D91EB605A3E30DFC585B67 /* Model */,
			);
			path = API;
			sourceTree = "<group>";
		};
		FFC7D7620853E2E26CFBF708 = {
			isa = PBXGroup;
			children = (
				365C604FBDF9F4BAA91D27BB /* GitHubApp */,
				28784344838E80E1515E9D3A /* GitHubAppTests */,
				8130FF68464458B82BD984AD /* GitHubAppUITests */,
				975E7B45CF347042C556E26E /* Frameworks */,
				BE8AC8E3DC9D3415B8A1B998 /* Products */,
			);
			sourceTree = "<group>";
		};
/* End PBXGroup section */

/* Begin PBXNativeTarget section */
		C3288A93B8EF05F1F3ABCE68 /* GitHubApp */ = {
			isa = PBXNativeTarget;
			buildConfigurationList = 4E4BA6D649C4A3604651DBAF /* Build configuration list for PBXNativeTarget "GitHubApp" */;
			buildPhases = (
				B702A0C53E8359AF743EE2C7 /* Generate Project */,
				4081220EED047BF18686D11F /* Sources */,
				77857547CFE78C792C7CB98D /* Resources */,
				2570DD72BCAB8D9E1A54F500 /* Frameworks */,
			);
			buildRules = (
			);
			dependencies = (
			);
			name = GitHubApp;
			packageProductDependencies = (
				7FF3679845878F76CA9B90C5 /* EntropyCore */,
			);
			productName = GitHubApp;
			productReference = BB23072E8A40CEEDABF2C8D5 /* GitHubApp.app */;
			productType = "com.apple.product-type.application";
		};
		C390956A6A43657DFD5B2026 /* GitHubAppUITests */ = {
			isa = PBXNativeTarget;
			buildConfigurationList = 234E7B7698091A8731A7222F /* Build configuration list for PBXNativeTarget "GitHubAppUITests" */;
			buildPhases = (
				42632F82DBFF9FB8278F0F67 /* Sources */,
				D6FD7310DB73E8E98DBFE0EB /* Frameworks */,
			);
			buildRules = (
			);
			dependencies = (
				CED3905F05B239C977CCBA48 /* PBXTargetDependency */,
			);
			name = GitHubAppUITests;
			packageProductDependencies = (
			);
			productName = GitHubAppUITests;
			productReference = D79D07C044C73FACA02EA242 /* GitHubAppUITests.xctest */;
			productType = "com.apple.product-type.bundle.ui-testing";
		};
		E0337161802F0E656013571A /* GitHubAppTests */ = {
			isa = PBXNativeTarget;
			buildConfigurationList = B37719D5F316D4560199C330 /* Build configuration list for PBXNativeTarget "GitHubAppTests" */;
			buildPhases = (
				0DA8249CA757C797ECC85A33 /* Sources */,
				E2235A852F5348764C6931ED /* Resources */,
				6A76A65B44C9D6B6FD7CD893 /* Frameworks */,
			);
			buildRules = (
			);
			dependencies = (
				EC43E9E689C3B538553EB3D4 /* PBXTargetDependency */,
			);
			name = GitHubAppTests;
			packageProductDependencies = (
				F4610898CD12B886BF91A770 /* SnapshotTesting */,
			);
			productName = GitHubAppTests;
			productReference = 1623D3F8EEE80CCE86E5F37C /* GitHubAppTests.xctest */;
			productType = "com.apple.product-type.bundle.unit-test";
		};
/* End PBXNativeTarget section */

/* Begin PBXProject section */
		31B4023AC5DE3B9293D134B8 /* Project object */ = {
			isa = PBXProject;
			attributes = {
				BuildIndependentTargetsInParallel = YES;
				LastUpgradeCheck = 1500;
				TargetAttributes = {
					C3288A93B8EF05F1F3ABCE68 = {
						DevelopmentTeam = "";
						ProvisioningStyle = Automatic;
					};
					C390956A6A43657DFD5B2026 = {
						DevelopmentTeam = "";
						ProvisioningStyle = Automatic;
						TestTargetID = C3288A93B8EF05F1F3ABCE68;
					};
					E0337161802F0E656013571A = {
						DevelopmentTeam = "";
						ProvisioningStyle = Automatic;
					};
				};
			};
			buildConfigurationList = 1A639F994477790253FF9BF6 /* Build configuration list for PBXProject "GitHubApp" */;
			compatibilityVersion = "Xcode 14.0";
			developmentRegion = en;
			hasScannedForEncodings = 0;
			knownRegions = (
				Base,
				en,
			);
			mainGroup = FFC7D7620853E2E26CFBF708;
			minimizedProjectReferenceProxies = 1;
			packageReferences = (
				78F35B873C2A9D4E00B83653 /* XCRemoteSwiftPackageReference "EntropyCore" */,
				99658432FF459DF4CD447AAB /* XCRemoteSwiftPackageReference "swift-snapshot-testing" */,
			);
			preferredProjectObjectVersion = 77;
			projectDirPath = "";
			projectRoot = "";
			targets = (
				C3288A93B8EF05F1F3ABCE68 /* GitHubApp */,
				E0337161802F0E656013571A /* GitHubAppTests */,
				C390956A6A43657DFD5B2026 /* GitHubAppUITests */,
			);
		};
/* End PBXProject section */

/* Begin PBXResourcesBuildPhase section */
		77857547CFE78C792C7CB98D /* Resources */ = {
			isa = PBXResourcesBuildPhase;
			buildActionMask = 2147483647;
			files = (
				AEDB02D4F0C2AE94BF26DB4D /* .swiftlint.yml in Resources */,
				9944A9DA6DCA58E4BBA1876A /* Assets.xcassets in Resources */,
				7F2825CBA0E8F8D765D324B1 /* Preview Assets.xcassets in Resources */,
			);
			runOnlyForDeploymentPostprocessing = 0;
		};
		E2235A852F5348764C6931ED /* Resources */ = {
			isa = PBXResourcesBuildPhase;
			buildActionMask = 2147483647;
			files = (
				60968BA07A3467888D8C2A85 /* testHomeView.1.png in Resources */,
				A8B6EF7201F394ACE4152C44 /* testMovieDetailsView.1.png in Resources */,
				266E4A90A1DB26F6BF151400 /* testMovieDetailsView.movieDetailsView.png in Resources */,
			);
			runOnlyForDeploymentPostprocessing = 0;
		};
/* End PBXResourcesBuildPhase section */

/* Begin PBXShellScriptBuildPhase section */
		B702A0C53E8359AF743EE2C7 /* Generate Project */ = {
			isa = PBXShellScriptBuildPhase;
			buildActionMask = 2147483647;
			files = (
			);
			inputFileListPaths = (
			);
			inputPaths = (
				project.yml,
			);
			name = "Generate Project";
			outputFileListPaths = (
			);
			outputPaths = (
				GitHubApp.xcodeproj,
			);
			runOnlyForDeploymentPostprocessing = 0;
			shellPath = /bin/sh;
			shellScript = "if command -v xcodegen &> /dev/null; then\n  xcodegen generate\nelse\n  echo \"XcodeGen not found. Please install it first: brew install xcodegen\"\nfi\n";
		};
/* End PBXShellScriptBuildPhase section */

/* Begin PBXSourcesBuildPhase section */
		0DA8249CA757C797ECC85A33 /* Sources */ = {
			isa = PBXSourcesBuildPhase;
			buildActionMask = 2147483647;
			files = (
				01EEA149D533F34ED4F0E0E1 /* HomeNavigationRouterTests.swift in Sources */,
				E3A1C16A2E594F1FE5F77CC3 /* HomeViewTests.swift in Sources */,
				6F4E114BE32BE6A60A7DF529 /* KeychainManagerTests.swift in Sources */,
				7D97DD42029A4F8E08875D55 /* MockHomeService.swift in Sources */,
				8A80BA377D949045C83F7364 /* MovieDetailsViewTests.swift in Sources */,
			);
			runOnlyForDeploymentPostprocessing = 0;
		};
		4081220EED047BF18686D11F /* Sources */ = {
			isa = PBXSourcesBuildPhase;
			buildActionMask = 2147483647;
			files = (
				A787045F9608F5025BF9DD46 /* APIKeys.swift in Sources */,
				4D0EC02CCD160710282A5E9E /* Coordinator.swift in Sources */,
				8F35B6BA4A9417BC2D968228 /* CoordinatorView.swift in Sources */,
				8F2ED0BF36CABC1AC28ED54A /* GitHubAppDelegate.swift in Sources */,
				07B8683AA28848D076B1241E /* GitHubAppSceneDelegate.swift in Sources */,
				5CAD536007B3768C9BD5B8DA /* HomeAPI.swift in Sources */,
				EE9CBD0D040A70A7ADC8AE78 /* HomeDataViewState.swift in Sources */,
				D51F41A6A0F58FFF38A47540 /* HomeHostingController.swift in Sources */,
				81EC818F450EC0B3A24A7A85 /* HomeNavigationEvent.swift in Sources */,
				C427BD581C8BE48F93317C82 /* HomeNavigationRouter.swift in Sources */,
				60F9E4A59757AA1815043264 /* HomeService.swift in Sources */,
				04D0F8621AA475E5E462BB20 /* HomeView.swift in Sources */,
				49DC033D4D9213FD4DC1A9EE /* HomeViewEvent.swift in Sources */,
				B9E8E28DDFD81C74A23832D6 /* HomeViewModel.swift in Sources */,
				2FF46CF8B792475A4C5FE6B8 /* HomeViewState.swift in Sources */,
				2DEA3D9D60C9142B778F9B97 /* KeychainManager.swift in Sources */,
				35A3E45ADEEDBAE9936B299A /* LikedMoviesView.swift in Sources */,
				02C505DB4E4F59C22F945129 /* LikedMoviesViewModel.swift in Sources */,
				1BD34B3D997B2DCA805BABBC /* Movie.swift in Sources */,
				D67F5A30D443FF1BB9C548C3 /* MovieCredits.swift in Sources */,
				44F148932D982D9471DC335F /* MovieDetailsHostingController.swift in Sources */,
				8FBC21B79628A8B593B14B03 /* MovieDetailsView.swift in Sources */,
				92BF668B6C46AB54BAF2E5D6 /* MovieDetailsViewModel.swift in Sources */,
				3F9DB6626CF222A138F8DF73 /* MovieReviews.swift in Sources */,
			);
			runOnlyForDeploymentPostprocessing = 0;
		};
		42632F82DBFF9FB8278F0F67 /* Sources */ = {
			isa = PBXSourcesBuildPhase;
			buildActionMask = 2147483647;
			files = (
				8BEC337A76EBE786970103AB /* GitHubAppUITests.swift in Sources */,
				B7CDD6E745B1A6DFC7FCFB9A /* GitHubAppUITestsLaunchTests.swift in Sources */,
			);
			runOnlyForDeploymentPostprocessing = 0;
		};
/* End PBXSourcesBuildPhase section */

/* Begin PBXTargetDependency section */
		CED3905F05B239C977CCBA48 /* PBXTargetDependency */ = {
			isa = PBXTargetDependency;
			target = C3288A93B8EF05F1F3ABCE68 /* GitHubApp */;
			targetProxy = DDF737608660C3C901147FA6 /* PBXContainerItemProxy */;
		};
		EC43E9E689C3B538553EB3D4 /* PBXTargetDependency */ = {
			isa = PBXTargetDependency;
			target = C3288A93B8EF05F1F3ABCE68 /* GitHubApp */;
			targetProxy = C11A572D76F16C2D074A4052 /* PBXContainerItemProxy */;
		};
/* End PBXTargetDependency section */

/* Begin XCBuildConfiguration section */
		0625F57D6F45192559E7D5B9 /* Debug */ = {
			isa = XCBuildConfiguration;
			buildSettings = {
				ALWAYS_SEARCH_USER_PATHS = NO;
				CLANG_ANALYZER_NONNULL = YES;
				CLANG_ANALYZER_NUMBER_OBJECT_CONVERSION = YES_AGGRESSIVE;
				CLANG_CXX_LANGUAGE_STANDARD = "gnu++14";
				CLANG_CXX_LIBRARY = "libc++";
				CLANG_ENABLE_MODULES = YES;
				CLANG_ENABLE_OBJC_ARC = YES;
				CLANG_ENABLE_OBJC_WEAK = YES;
				CLANG_WARN_BLOCK_CAPTURE_AUTORELEASING = YES;
				CLANG_WARN_BOOL_CONVERSION = YES;
				CLANG_WARN_COMMA = YES;
				CLANG_WARN_CONSTANT_CONVERSION = YES;
				CLANG_WARN_DEPRECATED_OBJC_IMPLEMENTATIONS = YES;
				CLANG_WARN_DIRECT_OBJC_ISA_USAGE = YES_ERROR;
				CLANG_WARN_DOCUMENTATION_COMMENTS = YES;
				CLANG_WARN_EMPTY_BODY = YES;
				CLANG_WARN_ENUM_CONVERSION = YES;
				CLANG_WARN_INFINITE_RECURSION = YES;
				CLANG_WARN_INT_CONVERSION = YES;
				CLANG_WARN_NON_LITERAL_NULL_CONVERSION = YES;
				CLANG_WARN_OBJC_IMPLICIT_RETAIN_SELF = YES;
				CLANG_WARN_OBJC_LITERAL_CONVERSION = YES;
				CLANG_WARN_OBJC_ROOT_CLASS = YES_ERROR;
				CLANG_WARN_QUOTED_INCLUDE_IN_FRAMEWORK_HEADER = YES;
				CLANG_WARN_RANGE_LOOP_ANALYSIS = YES;
				CLANG_WARN_STRICT_PROTOTYPES = YES;
				CLANG_WARN_SUSPICIOUS_MOVE = YES;
				CLANG_WARN_UNGUARDED_AVAILABILITY = YES_AGGRESSIVE;
				CLANG_WARN_UNREACHABLE_CODE = YES;
				CLANG_WARN__DUPLICATE_METHOD_MATCH = YES;
				CODE_SIGN_STYLE = Automatic;
				COPY_PHASE_STRIP = NO;
				DEBUG_INFORMATION_FORMAT = dwarf;
				DEVELOPMENT_TEAM = "";
				ENABLE_STRICT_OBJC_MSGSEND = YES;
				ENABLE_TESTABILITY = YES;
				GCC_C_LANGUAGE_STANDARD = gnu11;
				GCC_DYNAMIC_NO_PIC = NO;
				GCC_NO_COMMON_BLOCKS = YES;
				GCC_OPTIMIZATION_LEVEL = 0;
				GCC_PREPROCESSOR_DEFINITIONS = (
					"$(inherited)",
					"DEBUG=1",
				);
				GCC_WARN_64_TO_32_BIT_CONVERSION = YES;
				GCC_WARN_ABOUT_RETURN_TYPE = YES_ERROR;
				GCC_WARN_UNDECLARED_SELECTOR = YES;
				GCC_WARN_UNINITIALIZED_AUTOS = YES_AGGRESSIVE;
				GCC_WARN_UNUSED_FUNCTION = YES;
				GCC_WARN_UNUSED_VARIABLE = YES;
				IPHONEOS_DEPLOYMENT_TARGET = 18.0;
				MTL_ENABLE_DEBUG_INFO = INCLUDE_SOURCE;
				MTL_FAST_MATH = YES;
				ONLY_ACTIVE_ARCH = YES;
				PRODUCT_BUNDLE_IDENTIFIER = com.bruno.GitHubApp;
				PRODUCT_NAME = "$(TARGET_NAME)";
				SDKROOT = iphoneos;
				SUPPORTED_PLATFORMS = "iphoneos iphonesimulator";
				SUPPORTS_MACCATALYST = NO;
				SUPPORTS_MAC_DESIGNED_FOR_IPHONE_IPAD = NO;
				SWIFT_ACTIVE_COMPILATION_CONDITIONS = DEBUG;
				SWIFT_OPTIMIZATION_LEVEL = "-Onone";
				SWIFT_VERSION = 5.0;
				TARGETED_DEVICE_FAMILY = "1,2";
				type = debug;
			};
			name = Debug;
		};
		12707A36DB4D6585D861BF3E /* Release */ = {
			isa = XCBuildConfiguration;
			buildSettings = {
				ALWAYS_SEARCH_USER_PATHS = NO;
				CLANG_ANALYZER_NONNULL = YES;
				CLANG_ANALYZER_NUMBER_OBJECT_CONVERSION = YES_AGGRESSIVE;
				CLANG_CXX_LANGUAGE_STANDARD = "gnu++14";
				CLANG_CXX_LIBRARY = "libc++";
				CLANG_ENABLE_MODULES = YES;
				CLANG_ENABLE_OBJC_ARC = YES;
				CLANG_ENABLE_OBJC_WEAK = YES;
				CLANG_WARN_BLOCK_CAPTURE_AUTORELEASING = YES;
				CLANG_WARN_BOOL_CONVERSION = YES;
				CLANG_WARN_COMMA = YES;
				CLANG_WARN_CONSTANT_CONVERSION = YES;
				CLANG_WARN_DEPRECATED_OBJC_IMPLEMENTATIONS = YES;
				CLANG_WARN_DIRECT_OBJC_ISA_USAGE = YES_ERROR;
				CLANG_WARN_DOCUMENTATION_COMMENTS = YES;
				CLANG_WARN_EMPTY_BODY = YES;
				CLANG_WARN_ENUM_CONVERSION = YES;
				CLANG_WARN_INFINITE_RECURSION = YES;
				CLANG_WARN_INT_CONVERSION = YES;
				CLANG_WARN_NON_LITERAL_NULL_CONVERSION = YES;
				CLANG_WARN_OBJC_IMPLICIT_RETAIN_SELF = YES;
				CLANG_WARN_OBJC_LITERAL_CONVERSION = YES;
				CLANG_WARN_OBJC_ROOT_CLASS = YES_ERROR;
				CLANG_WARN_QUOTED_INCLUDE_IN_FRAMEWORK_HEADER = YES;
				CLANG_WARN_RANGE_LOOP_ANALYSIS = YES;
				CLANG_WARN_STRICT_PROTOTYPES = YES;
				CLANG_WARN_SUSPICIOUS_MOVE = YES;
				CLANG_WARN_UNGUARDED_AVAILABILITY = YES_AGGRESSIVE;
				CLANG_WARN_UNREACHABLE_CODE = YES;
				CLANG_WARN__DUPLICATE_METHOD_MATCH = YES;
				CODE_SIGN_STYLE = Automatic;
				COPY_PHASE_STRIP = NO;
				DEBUG_INFORMATION_FORMAT = "dwarf-with-dsym";
				DEVELOPMENT_TEAM = "";
				ENABLE_NS_ASSERTIONS = NO;
				ENABLE_STRICT_OBJC_MSGSEND = YES;
				GCC_C_LANGUAGE_STANDARD = gnu11;
				GCC_NO_COMMON_BLOCKS = YES;
				GCC_WARN_64_TO_32_BIT_CONVERSION = YES;
				GCC_WARN_ABOUT_RETURN_TYPE = YES_ERROR;
				GCC_WARN_UNDECLARED_SELECTOR = YES;
				GCC_WARN_UNINITIALIZED_AUTOS = YES_AGGRESSIVE;
				GCC_WARN_UNUSED_FUNCTION = YES;
				GCC_WARN_UNUSED_VARIABLE = YES;
				IPHONEOS_DEPLOYMENT_TARGET = 18.0;
				MTL_ENABLE_DEBUG_INFO = NO;
				MTL_FAST_MATH = YES;
				PRODUCT_BUNDLE_IDENTIFIER = com.bruno.GitHubApp;
				PRODUCT_NAME = "$(TARGET_NAME)";
				SDKROOT = iphoneos;
				SUPPORTED_PLATFORMS = "iphoneos iphonesimulator";
				SUPPORTS_MACCATALYST = NO;
				SUPPORTS_MAC_DESIGNED_FOR_IPHONE_IPAD = NO;
				SWIFT_COMPILATION_MODE = wholemodule;
				SWIFT_OPTIMIZATION_LEVEL = "-O";
				SWIFT_VERSION = 5.0;
				TARGETED_DEVICE_FAMILY = "1,2";
				type = release;
			};
			name = Release;
		};
		2A314133DAB463F70378B56B /* Debug */ = {
			isa = XCBuildConfiguration;
			buildSettings = {
				ASSETCATALOG_COMPILER_APPICON_NAME = AppIcon;
				ASSETCATALOG_COMPILER_GLOBAL_ACCENT_COLOR_NAME = AccentColor;
				CODE_SIGN_IDENTITY = "iPhone Developer";
				CODE_SIGN_STYLE = Automatic;
				DEVELOPMENT_TEAM = "";
				INFOPLIST_FILE = GitHubApp/Info.plist;
				IPHONEOS_DEPLOYMENT_TARGET = 18.0;
				LD_RUNPATH_SEARCH_PATHS = (
					"$(inherited)",
					"@executable_path/Frameworks",
				);
				PRODUCT_BUNDLE_IDENTIFIER = com.bruno.GitHubApp;
				SDKROOT = iphoneos;
				SUPPORTED_PLATFORMS = "iphoneos iphonesimulator";
				SUPPORTS_MACCATALYST = NO;
				SUPPORTS_MAC_DESIGNED_FOR_IPHONE_IPAD = NO;
				TARGETED_DEVICE_FAMILY = "1,2";
			};
			name = Debug;
		};
		5185DAA34FA5EC57464783F3 /* Debug */ = {
			isa = XCBuildConfiguration;
			buildSettings = {
				BUNDLE_LOADER = "$(TEST_HOST)";
				CODE_SIGN_STYLE = Automatic;
				DEVELOPMENT_TEAM = "";
				INFOPLIST_FILE = GitHubAppTests/Info.plist;
				IPHONEOS_DEPLOYMENT_TARGET = 18.0;
				LD_RUNPATH_SEARCH_PATHS = (
					"$(inherited)",
					"@executable_path/Frameworks",
					"@loader_path/Frameworks",
				);
				PRODUCT_BUNDLE_IDENTIFIER = com.bruno.GitHubAppTests;
				SDKROOT = iphoneos;
				TARGETED_DEVICE_FAMILY = "1,2";
				TEST_HOST = "$(BUILT_PRODUCTS_DIR)/GitHubApp.app/GitHubApp";
			};
			name = Debug;
		};
		5B00E7AE6EABEF74860698EE /* Release */ = {
			isa = XCBuildConfiguration;
			buildSettings = {
				ASSETCATALOG_COMPILER_APPICON_NAME = AppIcon;
				ASSETCATALOG_COMPILER_GLOBAL_ACCENT_COLOR_NAME = AccentColor;
				CODE_SIGN_IDENTITY = "iPhone Developer";
				CODE_SIGN_STYLE = Automatic;
				DEVELOPMENT_TEAM = "";
				INFOPLIST_FILE = GitHubApp/Info.plist;
				IPHONEOS_DEPLOYMENT_TARGET = 18.0;
				LD_RUNPATH_SEARCH_PATHS = (
					"$(inherited)",
					"@executable_path/Frameworks",
				);
				PRODUCT_BUNDLE_IDENTIFIER = com.bruno.GitHubApp;
				SDKROOT = iphoneos;
				SUPPORTED_PLATFORMS = "iphoneos iphonesimulator";
				SUPPORTS_MACCATALYST = NO;
				SUPPORTS_MAC_DESIGNED_FOR_IPHONE_IPAD = NO;
				TARGETED_DEVICE_FAMILY = "1,2";
			};
			name = Release;
		};
		777B2C89F8E4648387A9F483 /* Debug */ = {
			isa = XCBuildConfiguration;
			buildSettings = {
				BUNDLE_LOADER = "$(TEST_HOST)";
				CODE_SIGN_STYLE = Automatic;
				DEVELOPMENT_TEAM = "";
				INFOPLIST_FILE = GitHubAppUITests/Info.plist;
				IPHONEOS_DEPLOYMENT_TARGET = 18.0;
				LD_RUNPATH_SEARCH_PATHS = (
					"$(inherited)",
					"@executable_path/Frameworks",
					"@loader_path/Frameworks",
				);
				PRODUCT_BUNDLE_IDENTIFIER = com.bruno.GitHubAppUITests;
				SDKROOT = iphoneos;
				TARGETED_DEVICE_FAMILY = "1,2";
				TEST_TARGET_NAME = GitHubApp;
			};
			name = Debug;
		};
		B7EDA330C712238D0A6A7DBE /* Release */ = {
			isa = XCBuildConfiguration;
			buildSettings = {
				BUNDLE_LOADER = "$(TEST_HOST)";
				CODE_SIGN_STYLE = Automatic;
				DEVELOPMENT_TEAM = "";
				INFOPLIST_FILE = GitHubAppTests/Info.plist;
				IPHONEOS_DEPLOYMENT_TARGET = 18.0;
				LD_RUNPATH_SEARCH_PATHS = (
					"$(inherited)",
					"@executable_path/Frameworks",
					"@loader_path/Frameworks",
				);
				PRODUCT_BUNDLE_IDENTIFIER = com.bruno.GitHubAppTests;
				SDKROOT = iphoneos;
				TARGETED_DEVICE_FAMILY = "1,2";
				TEST_HOST = "$(BUILT_PRODUCTS_DIR)/GitHubApp.app/GitHubApp";
			};
			name = Release;
		};
		D66AF6C80925D58A9F46EFA2 /* Release */ = {
			isa = XCBuildConfiguration;
			buildSettings = {
				BUNDLE_LOADER = "$(TEST_HOST)";
				CODE_SIGN_STYLE = Automatic;
				DEVELOPMENT_TEAM = "";
				INFOPLIST_FILE = GitHubAppUITests/Info.plist;
				IPHONEOS_DEPLOYMENT_TARGET = 18.0;
				LD_RUNPATH_SEARCH_PATHS = (
					"$(inherited)",
					"@executable_path/Frameworks",
					"@loader_path/Frameworks",
				);
				PRODUCT_BUNDLE_IDENTIFIER = com.bruno.GitHubAppUITests;
				SDKROOT = iphoneos;
				TARGETED_DEVICE_FAMILY = "1,2";
				TEST_TARGET_NAME = GitHubApp;
			};
			name = Release;
		};
/* End XCBuildConfiguration section */

/* Begin XCConfigurationList section */
		1A639F994477790253FF9BF6 /* Build configuration list for PBXProject "GitHubApp" */ = {
			isa = XCConfigurationList;
			buildConfigurations = (
				0625F57D6F45192559E7D5B9 /* Debug */,
				12707A36DB4D6585D861BF3E /* Release */,
			);
			defaultConfigurationIsVisible = 0;
			defaultConfigurationName = Debug;
		};
		234E7B7698091A8731A7222F /* Build configuration list for PBXNativeTarget "GitHubAppUITests" */ = {
			isa = XCConfigurationList;
			buildConfigurations = (
				777B2C89F8E4648387A9F483 /* Debug */,
				D66AF6C80925D58A9F46EFA2 /* Release */,
			);
			defaultConfigurationIsVisible = 0;
			defaultConfigurationName = Debug;
		};
		4E4BA6D649C4A3604651DBAF /* Build configuration list for PBXNativeTarget "GitHubApp" */ = {
			isa = XCConfigurationList;
			buildConfigurations = (
				2A314133DAB463F70378B56B /* Debug */,
				5B00E7AE6EABEF74860698EE /* Release */,
			);
			defaultConfigurationIsVisible = 0;
			defaultConfigurationName = Debug;
		};
		B37719D5F316D4560199C330 /* Build configuration list for PBXNativeTarget "GitHubAppTests" */ = {
			isa = XCConfigurationList;
			buildConfigurations = (
				5185DAA34FA5EC57464783F3 /* Debug */,
				B7EDA330C712238D0A6A7DBE /* Release */,
			);
			defaultConfigurationIsVisible = 0;
			defaultConfigurationName = Debug;
		};
/* End XCConfigurationList section */

/* Begin XCRemoteSwiftPackageReference section */
		78F35B873C2A9D4E00B83653 /* XCRemoteSwiftPackageReference "EntropyCore" */ = {
			isa = XCRemoteSwiftPackageReference;
			repositoryURL = "https://github.com/BrunoCerberus/EntropyCore.git";
			requirement = {
				kind = revision;
				revision = a741510ee5b339764ffcbab7adfbcfbb858094a6;
			};
		};
		99658432FF459DF4CD447AAB /* XCRemoteSwiftPackageReference "swift-snapshot-testing" */ = {
			isa = XCRemoteSwiftPackageReference;
			repositoryURL = "https://github.com/pointfreeco/swift-snapshot-testing.git";
			requirement = {
				kind = upToNextMajorVersion;
				minimumVersion = 1.16.0;
			};
		};
/* End XCRemoteSwiftPackageReference section */

/* Begin XCSwiftPackageProductDependency section */
		7FF3679845878F76CA9B90C5 /* EntropyCore */ = {
			isa = XCSwiftPackageProductDependency;
			package = 78F35B873C2A9D4E00B83653 /* XCRemoteSwiftPackageReference "EntropyCore" */;
			productName = EntropyCore;
		};
		F4610898CD12B886BF91A770 /* SnapshotTesting */ = {
			isa = XCSwiftPackageProductDependency;
			package = 99658432FF459DF4CD447AAB /* XCRemoteSwiftPackageReference "swift-snapshot-testing" */;
			productName = SnapshotTesting;
		};
/* End XCSwiftPackageProductDependency section */
	};
	rootObject = 31B4023AC5DE3B9293D134B8 /* Project object */;
}
