{
  "originHash" : "96cbe5e750a31b1d3a34a6bcbe361839078bd5d73ba18dd9441d10c6ffcbe80f",
  "pins" : [
    {
      "identity" : "entropycore",
      "kind" : "remoteSourceControl",
      "location" : "https://github.com/BrunoCerberus/EntropyCore.git",
      "state" : {
        "branch" : "master",
        "revision" : "97c1cb7af50584facbd913e64860e66aab1ef970"
      }
    }
  ],
  "version" : 3
}
